
Microsoft Visual Studio Solution File, Format Version 12.00
# Visual Studio Version 17
VisualStudioVersion = 17.7.34031.279
MinimumVisualStudioVersion = 10.0.40219.1
Project("{F184B08F-C81C-45F6-A57F-5ABD9991F28F}") = "Zplay-Music", "Zplay-Music\Zplay-Music.vbproj", "{D408BA67-E4FE-424C-BAB8-DA623DA8C5F0}"
EndProject
Project("{F184B08F-C81C-45F6-A57F-5ABD9991F28F}") = "Zplay.MediaLibrary", "Zplay.MediaLibrary\Zplay.MediaLibrary.vbproj", "{D1C46857-FD85-49A1-8619-B2E1219CD5D7}"
EndProject
Project("{F184B08F-C81C-45F6-A57F-5ABD9991F28F}") = "libZPlay.Extensions", "..\Drivers\libZPlay\libZPlay.Extensions.vbproj", "{822D0A37-7BB5-4ECB-ACC8-8E38BDF1F063}"
EndProject
Project("{F184B08F-C81C-45F6-A57F-5ABD9991F28F}") = "notify-osd", "..\Drivers\notify-osd\notify-osd.vbproj", "{95734D4D-9603-464A-B67D-A5BC97150D90}"
EndProject
Project("{2150E333-8FDC-42A3-9474-1A3956D46DE8}") = "runtime", "runtime", "{A1F0D864-4922-44F5-B00B-6DD5014BD71B}"
EndProject
Project("{F184B08F-C81C-45F6-A57F-5ABD9991F28F}") = "Microsoft.Windows.FeatureAPI", "..\Drivers\Windows\Microsoft.Windows.FeatureAPI\Microsoft.Windows.FeatureAPI.vbproj", "{3D61F3A9-A8E0-4195-9133-6FD8E4B82D54}"
EndProject
Project("{778DAE3C-4631-46EA-AA77-85C1314464D9}") = "Core", "..\..\GCModeller\src\runtime\sciBASIC#\Microsoft.VisualBasic.Core\src\Core.vbproj", "{6AD6DB93-C743-4BE2-8C19-E4C3062AAC99}"
EndProject
Global
	GlobalSection(SolutionConfigurationPlatforms) = preSolution
		Debug|Any CPU = Debug|Any CPU
		Debug|x64 = Debug|x64
		Debug|x86 = Debug|x86
		DEMO|Any CPU = DEMO|Any CPU
		DEMO|x64 = DEMO|x64
		DEMO|x86 = DEMO|x86
		Docker|Any CPU = Docker|Any CPU
		Docker|x64 = Docker|x64
		Docker|x86 = Docker|x86
		docs|Any CPU = docs|Any CPU
		docs|x64 = docs|x64
		docs|x86 = docs|x86
		gcmodeller_desktop|Any CPU = gcmodeller_desktop|Any CPU
		gcmodeller_desktop|x64 = gcmodeller_desktop|x64
		gcmodeller_desktop|x86 = gcmodeller_desktop|x86
		LipidSearch|Any CPU = LipidSearch|Any CPU
		LipidSearch|x64 = LipidSearch|x64
		LipidSearch|x86 = LipidSearch|x86
		mzkit_win32|Any CPU = mzkit_win32|Any CPU
		mzkit_win32|x64 = mzkit_win32|x64
		mzkit_win32|x86 = mzkit_win32|x86
		mzkit|Any CPU = mzkit|Any CPU
		mzkit|x64 = mzkit|x64
		mzkit|x86 = mzkit|x86
		NPSearch|Any CPU = NPSearch|Any CPU
		NPSearch|x64 = NPSearch|x64
		NPSearch|x86 = NPSearch|x86
		PlantMAT|Any CPU = PlantMAT|Any CPU
		PlantMAT|x64 = PlantMAT|x64
		PlantMAT|x86 = PlantMAT|x86
		Publish|Any CPU = Publish|Any CPU
		Publish|x64 = Publish|x64
		Publish|x86 = Publish|x86
		Release|Any CPU = Release|Any CPU
		Release|x64 = Release|x64
		Release|x86 = Release|x86
		Release2|Any CPU = Release2|Any CPU
		Release2|x64 = Release2|x64
		Release2|x86 = Release2|x86
		Rsharp_app_release|Any CPU = Rsharp_app_release|Any CPU
		Rsharp_app_release|x64 = Rsharp_app_release|x64
		Rsharp_app_release|x86 = Rsharp_app_release|x86
	EndGlobalSection
	GlobalSection(ProjectConfigurationPlatforms) = postSolution
		{D408BA67-E4FE-424C-BAB8-DA623DA8C5F0}.Debug|Any CPU.ActiveCfg = Debug|Any CPU
		{D408BA67-E4FE-424C-BAB8-DA623DA8C5F0}.Debug|Any CPU.Build.0 = Debug|Any CPU
		{D408BA67-E4FE-424C-BAB8-DA623DA8C5F0}.Debug|x64.ActiveCfg = Debug|x64
		{D408BA67-E4FE-424C-BAB8-DA623DA8C5F0}.Debug|x64.Build.0 = Debug|x64
		{D408BA67-E4FE-424C-BAB8-DA623DA8C5F0}.Debug|x86.ActiveCfg = Debug|x86
		{D408BA67-E4FE-424C-BAB8-DA623DA8C5F0}.Debug|x86.Build.0 = Debug|x86
		{D408BA67-E4FE-424C-BAB8-DA623DA8C5F0}.DEMO|Any CPU.ActiveCfg = Debug|Any CPU
		{D408BA67-E4FE-424C-BAB8-DA623DA8C5F0}.DEMO|Any CPU.Build.0 = Debug|Any CPU
		{D408BA67-E4FE-424C-BAB8-DA623DA8C5F0}.DEMO|x64.ActiveCfg = Debug|x64
		{D408BA67-E4FE-424C-BAB8-DA623DA8C5F0}.DEMO|x64.Build.0 = Debug|x64
		{D408BA67-E4FE-424C-BAB8-DA623DA8C5F0}.DEMO|x86.ActiveCfg = Debug|x86
		{D408BA67-E4FE-424C-BAB8-DA623DA8C5F0}.DEMO|x86.Build.0 = Debug|x86
		{D408BA67-E4FE-424C-BAB8-DA623DA8C5F0}.Docker|Any CPU.ActiveCfg = Debug|Any CPU
		{D408BA67-E4FE-424C-BAB8-DA623DA8C5F0}.Docker|Any CPU.Build.0 = Debug|Any CPU
		{D408BA67-E4FE-424C-BAB8-DA623DA8C5F0}.Docker|x64.ActiveCfg = Debug|x64
		{D408BA67-E4FE-424C-BAB8-DA623DA8C5F0}.Docker|x64.Build.0 = Debug|x64
		{D408BA67-E4FE-424C-BAB8-DA623DA8C5F0}.Docker|x86.ActiveCfg = Debug|x86
		{D408BA67-E4FE-424C-BAB8-DA623DA8C5F0}.Docker|x86.Build.0 = Debug|x86
		{D408BA67-E4FE-424C-BAB8-DA623DA8C5F0}.docs|Any CPU.ActiveCfg = Debug|Any CPU
		{D408BA67-E4FE-424C-BAB8-DA623DA8C5F0}.docs|Any CPU.Build.0 = Debug|Any CPU
		{D408BA67-E4FE-424C-BAB8-DA623DA8C5F0}.docs|x64.ActiveCfg = Debug|x64
		{D408BA67-E4FE-424C-BAB8-DA623DA8C5F0}.docs|x64.Build.0 = Debug|x64
		{D408BA67-E4FE-424C-BAB8-DA623DA8C5F0}.docs|x86.ActiveCfg = Debug|x86
		{D408BA67-E4FE-424C-BAB8-DA623DA8C5F0}.docs|x86.Build.0 = Debug|x86
		{D408BA67-E4FE-424C-BAB8-DA623DA8C5F0}.gcmodeller_desktop|Any CPU.ActiveCfg = Release|Any CPU
		{D408BA67-E4FE-424C-BAB8-DA623DA8C5F0}.gcmodeller_desktop|Any CPU.Build.0 = Release|Any CPU
		{D408BA67-E4FE-424C-BAB8-DA623DA8C5F0}.gcmodeller_desktop|x64.ActiveCfg = Release|x64
		{D408BA67-E4FE-424C-BAB8-DA623DA8C5F0}.gcmodeller_desktop|x64.Build.0 = Release|x64
		{D408BA67-E4FE-424C-BAB8-DA623DA8C5F0}.gcmodeller_desktop|x86.ActiveCfg = Release|x86
		{D408BA67-E4FE-424C-BAB8-DA623DA8C5F0}.gcmodeller_desktop|x86.Build.0 = Release|x86
		{D408BA67-E4FE-424C-BAB8-DA623DA8C5F0}.LipidSearch|Any CPU.ActiveCfg = Release|Any CPU
		{D408BA67-E4FE-424C-BAB8-DA623DA8C5F0}.LipidSearch|Any CPU.Build.0 = Release|Any CPU
		{D408BA67-E4FE-424C-BAB8-DA623DA8C5F0}.LipidSearch|x64.ActiveCfg = Release|x64
		{D408BA67-E4FE-424C-BAB8-DA623DA8C5F0}.LipidSearch|x64.Build.0 = Release|x64
		{D408BA67-E4FE-424C-BAB8-DA623DA8C5F0}.LipidSearch|x86.ActiveCfg = Release|x86
		{D408BA67-E4FE-424C-BAB8-DA623DA8C5F0}.LipidSearch|x86.Build.0 = Release|x86
		{D408BA67-E4FE-424C-BAB8-DA623DA8C5F0}.mzkit_win32|Any CPU.ActiveCfg = Release|Any CPU
		{D408BA67-E4FE-424C-BAB8-DA623DA8C5F0}.mzkit_win32|Any CPU.Build.0 = Release|Any CPU
		{D408BA67-E4FE-424C-BAB8-DA623DA8C5F0}.mzkit_win32|x64.ActiveCfg = Release|x64
		{D408BA67-E4FE-424C-BAB8-DA623DA8C5F0}.mzkit_win32|x64.Build.0 = Release|x64
		{D408BA67-E4FE-424C-BAB8-DA623DA8C5F0}.mzkit_win32|x86.ActiveCfg = Release|x86
		{D408BA67-E4FE-424C-BAB8-DA623DA8C5F0}.mzkit_win32|x86.Build.0 = Release|x86
		{D408BA67-E4FE-424C-BAB8-DA623DA8C5F0}.mzkit|Any CPU.ActiveCfg = Release|Any CPU
		{D408BA67-E4FE-424C-BAB8-DA623DA8C5F0}.mzkit|Any CPU.Build.0 = Release|Any CPU
		{D408BA67-E4FE-424C-BAB8-DA623DA8C5F0}.mzkit|x64.ActiveCfg = Release|x64
		{D408BA67-E4FE-424C-BAB8-DA623DA8C5F0}.mzkit|x64.Build.0 = Release|x64
		{D408BA67-E4FE-424C-BAB8-DA623DA8C5F0}.mzkit|x86.ActiveCfg = Release|x86
		{D408BA67-E4FE-424C-BAB8-DA623DA8C5F0}.mzkit|x86.Build.0 = Release|x86
		{D408BA67-E4FE-424C-BAB8-DA623DA8C5F0}.NPSearch|Any CPU.ActiveCfg = Release|Any CPU
		{D408BA67-E4FE-424C-BAB8-DA623DA8C5F0}.NPSearch|Any CPU.Build.0 = Release|Any CPU
		{D408BA67-E4FE-424C-BAB8-DA623DA8C5F0}.NPSearch|x64.ActiveCfg = Release|x64
		{D408BA67-E4FE-424C-BAB8-DA623DA8C5F0}.NPSearch|x64.Build.0 = Release|x64
		{D408BA67-E4FE-424C-BAB8-DA623DA8C5F0}.NPSearch|x86.ActiveCfg = Release|x86
		{D408BA67-E4FE-424C-BAB8-DA623DA8C5F0}.NPSearch|x86.Build.0 = Release|x86
		{D408BA67-E4FE-424C-BAB8-DA623DA8C5F0}.PlantMAT|Any CPU.ActiveCfg = Release|Any CPU
		{D408BA67-E4FE-424C-BAB8-DA623DA8C5F0}.PlantMAT|Any CPU.Build.0 = Release|Any CPU
		{D408BA67-E4FE-424C-BAB8-DA623DA8C5F0}.PlantMAT|x64.ActiveCfg = Release|x64
		{D408BA67-E4FE-424C-BAB8-DA623DA8C5F0}.PlantMAT|x64.Build.0 = Release|x64
		{D408BA67-E4FE-424C-BAB8-DA623DA8C5F0}.PlantMAT|x86.ActiveCfg = Release|x86
		{D408BA67-E4FE-424C-BAB8-DA623DA8C5F0}.PlantMAT|x86.Build.0 = Release|x86
		{D408BA67-E4FE-424C-BAB8-DA623DA8C5F0}.Publish|Any CPU.ActiveCfg = Release|Any CPU
		{D408BA67-E4FE-424C-BAB8-DA623DA8C5F0}.Publish|Any CPU.Build.0 = Release|Any CPU
		{D408BA67-E4FE-424C-BAB8-DA623DA8C5F0}.Publish|x64.ActiveCfg = Release|x64
		{D408BA67-E4FE-424C-BAB8-DA623DA8C5F0}.Publish|x64.Build.0 = Release|x64
		{D408BA67-E4FE-424C-BAB8-DA623DA8C5F0}.Publish|x86.ActiveCfg = Release|x86
		{D408BA67-E4FE-424C-BAB8-DA623DA8C5F0}.Publish|x86.Build.0 = Release|x86
		{D408BA67-E4FE-424C-BAB8-DA623DA8C5F0}.Release|Any CPU.ActiveCfg = Release|Any CPU
		{D408BA67-E4FE-424C-BAB8-DA623DA8C5F0}.Release|Any CPU.Build.0 = Release|Any CPU
		{D408BA67-E4FE-424C-BAB8-DA623DA8C5F0}.Release|x64.ActiveCfg = Release|x64
		{D408BA67-E4FE-424C-BAB8-DA623DA8C5F0}.Release|x64.Build.0 = Release|x64
		{D408BA67-E4FE-424C-BAB8-DA623DA8C5F0}.Release|x86.ActiveCfg = Release|x86
		{D408BA67-E4FE-424C-BAB8-DA623DA8C5F0}.Release|x86.Build.0 = Release|x86
		{D408BA67-E4FE-424C-BAB8-DA623DA8C5F0}.Release2|Any CPU.ActiveCfg = Release|Any CPU
		{D408BA67-E4FE-424C-BAB8-DA623DA8C5F0}.Release2|Any CPU.Build.0 = Release|Any CPU
		{D408BA67-E4FE-424C-BAB8-DA623DA8C5F0}.Release2|x64.ActiveCfg = Release|x64
		{D408BA67-E4FE-424C-BAB8-DA623DA8C5F0}.Release2|x64.Build.0 = Release|x64
		{D408BA67-E4FE-424C-BAB8-DA623DA8C5F0}.Release2|x86.ActiveCfg = Release|x86
		{D408BA67-E4FE-424C-BAB8-DA623DA8C5F0}.Release2|x86.Build.0 = Release|x86
		{D408BA67-E4FE-424C-BAB8-DA623DA8C5F0}.Rsharp_app_release|Any CPU.ActiveCfg = Release|Any CPU
		{D408BA67-E4FE-424C-BAB8-DA623DA8C5F0}.Rsharp_app_release|Any CPU.Build.0 = Release|Any CPU
		{D408BA67-E4FE-424C-BAB8-DA623DA8C5F0}.Rsharp_app_release|x64.ActiveCfg = Release|x64
		{D408BA67-E4FE-424C-BAB8-DA623DA8C5F0}.Rsharp_app_release|x64.Build.0 = Release|x64
		{D408BA67-E4FE-424C-BAB8-DA623DA8C5F0}.Rsharp_app_release|x86.ActiveCfg = Release|x86
		{D408BA67-E4FE-424C-BAB8-DA623DA8C5F0}.Rsharp_app_release|x86.Build.0 = Release|x86
		{D1C46857-FD85-49A1-8619-B2E1219CD5D7}.Debug|Any CPU.ActiveCfg = Debug|Any CPU
		{D1C46857-FD85-49A1-8619-B2E1219CD5D7}.Debug|Any CPU.Build.0 = Debug|Any CPU
		{D1C46857-FD85-49A1-8619-B2E1219CD5D7}.Debug|x64.ActiveCfg = Debug|Any CPU
		{D1C46857-FD85-49A1-8619-B2E1219CD5D7}.Debug|x64.Build.0 = Debug|Any CPU
		{D1C46857-FD85-49A1-8619-B2E1219CD5D7}.Debug|x86.ActiveCfg = Debug|x86
		{D1C46857-FD85-49A1-8619-B2E1219CD5D7}.Debug|x86.Build.0 = Debug|x86
		{D1C46857-FD85-49A1-8619-B2E1219CD5D7}.DEMO|Any CPU.ActiveCfg = Debug|Any CPU
		{D1C46857-FD85-49A1-8619-B2E1219CD5D7}.DEMO|Any CPU.Build.0 = Debug|Any CPU
		{D1C46857-FD85-49A1-8619-B2E1219CD5D7}.DEMO|x64.ActiveCfg = Debug|Any CPU
		{D1C46857-FD85-49A1-8619-B2E1219CD5D7}.DEMO|x64.Build.0 = Debug|Any CPU
		{D1C46857-FD85-49A1-8619-B2E1219CD5D7}.DEMO|x86.ActiveCfg = Debug|x86
		{D1C46857-FD85-49A1-8619-B2E1219CD5D7}.DEMO|x86.Build.0 = Debug|x86
		{D1C46857-FD85-49A1-8619-B2E1219CD5D7}.Docker|Any CPU.ActiveCfg = Debug|Any CPU
		{D1C46857-FD85-49A1-8619-B2E1219CD5D7}.Docker|Any CPU.Build.0 = Debug|Any CPU
		{D1C46857-FD85-49A1-8619-B2E1219CD5D7}.Docker|x64.ActiveCfg = Debug|Any CPU
		{D1C46857-FD85-49A1-8619-B2E1219CD5D7}.Docker|x64.Build.0 = Debug|Any CPU
		{D1C46857-FD85-49A1-8619-B2E1219CD5D7}.Docker|x86.ActiveCfg = Debug|x86
		{D1C46857-FD85-49A1-8619-B2E1219CD5D7}.Docker|x86.Build.0 = Debug|x86
		{D1C46857-FD85-49A1-8619-B2E1219CD5D7}.docs|Any CPU.ActiveCfg = Debug|Any CPU
		{D1C46857-FD85-49A1-8619-B2E1219CD5D7}.docs|Any CPU.Build.0 = Debug|Any CPU
		{D1C46857-FD85-49A1-8619-B2E1219CD5D7}.docs|x64.ActiveCfg = Debug|Any CPU
		{D1C46857-FD85-49A1-8619-B2E1219CD5D7}.docs|x64.Build.0 = Debug|Any CPU
		{D1C46857-FD85-49A1-8619-B2E1219CD5D7}.docs|x86.ActiveCfg = Debug|x86
		{D1C46857-FD85-49A1-8619-B2E1219CD5D7}.docs|x86.Build.0 = Debug|x86
		{D1C46857-FD85-49A1-8619-B2E1219CD5D7}.gcmodeller_desktop|Any CPU.ActiveCfg = Release|Any CPU
		{D1C46857-FD85-49A1-8619-B2E1219CD5D7}.gcmodeller_desktop|Any CPU.Build.0 = Release|Any CPU
		{D1C46857-FD85-49A1-8619-B2E1219CD5D7}.gcmodeller_desktop|x64.ActiveCfg = Release|Any CPU
		{D1C46857-FD85-49A1-8619-B2E1219CD5D7}.gcmodeller_desktop|x64.Build.0 = Release|Any CPU
		{D1C46857-FD85-49A1-8619-B2E1219CD5D7}.gcmodeller_desktop|x86.ActiveCfg = Release|x86
		{D1C46857-FD85-49A1-8619-B2E1219CD5D7}.gcmodeller_desktop|x86.Build.0 = Release|x86
		{D1C46857-FD85-49A1-8619-B2E1219CD5D7}.LipidSearch|Any CPU.ActiveCfg = Release|Any CPU
		{D1C46857-FD85-49A1-8619-B2E1219CD5D7}.LipidSearch|Any CPU.Build.0 = Release|Any CPU
		{D1C46857-FD85-49A1-8619-B2E1219CD5D7}.LipidSearch|x64.ActiveCfg = Release|Any CPU
		{D1C46857-FD85-49A1-8619-B2E1219CD5D7}.LipidSearch|x64.Build.0 = Release|Any CPU
		{D1C46857-FD85-49A1-8619-B2E1219CD5D7}.LipidSearch|x86.ActiveCfg = Release|x86
		{D1C46857-FD85-49A1-8619-B2E1219CD5D7}.LipidSearch|x86.Build.0 = Release|x86
		{D1C46857-FD85-49A1-8619-B2E1219CD5D7}.mzkit_win32|Any CPU.ActiveCfg = Release|Any CPU
		{D1C46857-FD85-49A1-8619-B2E1219CD5D7}.mzkit_win32|Any CPU.Build.0 = Release|Any CPU
		{D1C46857-FD85-49A1-8619-B2E1219CD5D7}.mzkit_win32|x64.ActiveCfg = Release|Any CPU
		{D1C46857-FD85-49A1-8619-B2E1219CD5D7}.mzkit_win32|x64.Build.0 = Release|Any CPU
		{D1C46857-FD85-49A1-8619-B2E1219CD5D7}.mzkit_win32|x86.ActiveCfg = Release|x86
		{D1C46857-FD85-49A1-8619-B2E1219CD5D7}.mzkit_win32|x86.Build.0 = Release|x86
		{D1C46857-FD85-49A1-8619-B2E1219CD5D7}.mzkit|Any CPU.ActiveCfg = Release|Any CPU
		{D1C46857-FD85-49A1-8619-B2E1219CD5D7}.mzkit|Any CPU.Build.0 = Release|Any CPU
		{D1C46857-FD85-49A1-8619-B2E1219CD5D7}.mzkit|x64.ActiveCfg = Release|Any CPU
		{D1C46857-FD85-49A1-8619-B2E1219CD5D7}.mzkit|x64.Build.0 = Release|Any CPU
		{D1C46857-FD85-49A1-8619-B2E1219CD5D7}.mzkit|x86.ActiveCfg = Release|x86
		{D1C46857-FD85-49A1-8619-B2E1219CD5D7}.mzkit|x86.Build.0 = Release|x86
		{D1C46857-FD85-49A1-8619-B2E1219CD5D7}.NPSearch|Any CPU.ActiveCfg = Release|Any CPU
		{D1C46857-FD85-49A1-8619-B2E1219CD5D7}.NPSearch|Any CPU.Build.0 = Release|Any CPU
		{D1C46857-FD85-49A1-8619-B2E1219CD5D7}.NPSearch|x64.ActiveCfg = Release|Any CPU
		{D1C46857-FD85-49A1-8619-B2E1219CD5D7}.NPSearch|x64.Build.0 = Release|Any CPU
		{D1C46857-FD85-49A1-8619-B2E1219CD5D7}.NPSearch|x86.ActiveCfg = Release|x86
		{D1C46857-FD85-49A1-8619-B2E1219CD5D7}.NPSearch|x86.Build.0 = Release|x86
		{D1C46857-FD85-49A1-8619-B2E1219CD5D7}.PlantMAT|Any CPU.ActiveCfg = Release|Any CPU
		{D1C46857-FD85-49A1-8619-B2E1219CD5D7}.PlantMAT|Any CPU.Build.0 = Release|Any CPU
		{D1C46857-FD85-49A1-8619-B2E1219CD5D7}.PlantMAT|x64.ActiveCfg = Release|Any CPU
		{D1C46857-FD85-49A1-8619-B2E1219CD5D7}.PlantMAT|x64.Build.0 = Release|Any CPU
		{D1C46857-FD85-49A1-8619-B2E1219CD5D7}.PlantMAT|x86.ActiveCfg = Release|x86
		{D1C46857-FD85-49A1-8619-B2E1219CD5D7}.PlantMAT|x86.Build.0 = Release|x86
		{D1C46857-FD85-49A1-8619-B2E1219CD5D7}.Publish|Any CPU.ActiveCfg = Release|Any CPU
		{D1C46857-FD85-49A1-8619-B2E1219CD5D7}.Publish|Any CPU.Build.0 = Release|Any CPU
		{D1C46857-FD85-49A1-8619-B2E1219CD5D7}.Publish|x64.ActiveCfg = Release|Any CPU
		{D1C46857-FD85-49A1-8619-B2E1219CD5D7}.Publish|x64.Build.0 = Release|Any CPU
		{D1C46857-FD85-49A1-8619-B2E1219CD5D7}.Publish|x86.ActiveCfg = Release|Any CPU
		{D1C46857-FD85-49A1-8619-B2E1219CD5D7}.Publish|x86.Build.0 = Release|Any CPU
		{D1C46857-FD85-49A1-8619-B2E1219CD5D7}.Release|Any CPU.ActiveCfg = Release|Any CPU
		{D1C46857-FD85-49A1-8619-B2E1219CD5D7}.Release|Any CPU.Build.0 = Release|Any CPU
		{D1C46857-FD85-49A1-8619-B2E1219CD5D7}.Release|x64.ActiveCfg = Release|Any CPU
		{D1C46857-FD85-49A1-8619-B2E1219CD5D7}.Release|x64.Build.0 = Release|Any CPU
		{D1C46857-FD85-49A1-8619-B2E1219CD5D7}.Release|x86.ActiveCfg = Release|x86
		{D1C46857-FD85-49A1-8619-B2E1219CD5D7}.Release|x86.Build.0 = Release|x86
		{D1C46857-FD85-49A1-8619-B2E1219CD5D7}.Release2|Any CPU.ActiveCfg = Release|Any CPU
		{D1C46857-FD85-49A1-8619-B2E1219CD5D7}.Release2|Any CPU.Build.0 = Release|Any CPU
		{D1C46857-FD85-49A1-8619-B2E1219CD5D7}.Release2|x64.ActiveCfg = Release|Any CPU
		{D1C46857-FD85-49A1-8619-B2E1219CD5D7}.Release2|x64.Build.0 = Release|Any CPU
		{D1C46857-FD85-49A1-8619-B2E1219CD5D7}.Release2|x86.ActiveCfg = Release|x86
		{D1C46857-FD85-49A1-8619-B2E1219CD5D7}.Release2|x86.Build.0 = Release|x86
		{D1C46857-FD85-49A1-8619-B2E1219CD5D7}.Rsharp_app_release|Any CPU.ActiveCfg = Release|Any CPU
		{D1C46857-FD85-49A1-8619-B2E1219CD5D7}.Rsharp_app_release|Any CPU.Build.0 = Release|Any CPU
		{D1C46857-FD85-49A1-8619-B2E1219CD5D7}.Rsharp_app_release|x64.ActiveCfg = Release|Any CPU
		{D1C46857-FD85-49A1-8619-B2E1219CD5D7}.Rsharp_app_release|x64.Build.0 = Release|Any CPU
		{D1C46857-FD85-49A1-8619-B2E1219CD5D7}.Rsharp_app_release|x86.ActiveCfg = Release|x86
		{D1C46857-FD85-49A1-8619-B2E1219CD5D7}.Rsharp_app_release|x86.Build.0 = Release|x86
		{822D0A37-7BB5-4ECB-ACC8-8E38BDF1F063}.Debug|Any CPU.ActiveCfg = Debug|Any CPU
		{822D0A37-7BB5-4ECB-ACC8-8E38BDF1F063}.Debug|Any CPU.Build.0 = Debug|Any CPU
		{822D0A37-7BB5-4ECB-ACC8-8E38BDF1F063}.Debug|x64.ActiveCfg = Debug|Any CPU
		{822D0A37-7BB5-4ECB-ACC8-8E38BDF1F063}.Debug|x64.Build.0 = Debug|Any CPU
		{822D0A37-7BB5-4ECB-ACC8-8E38BDF1F063}.Debug|x86.ActiveCfg = Debug|x86
		{822D0A37-7BB5-4ECB-ACC8-8E38BDF1F063}.Debug|x86.Build.0 = Debug|x86
		{822D0A37-7BB5-4ECB-ACC8-8E38BDF1F063}.DEMO|Any CPU.ActiveCfg = Debug|Any CPU
		{822D0A37-7BB5-4ECB-ACC8-8E38BDF1F063}.DEMO|Any CPU.Build.0 = Debug|Any CPU
		{822D0A37-7BB5-4ECB-ACC8-8E38BDF1F063}.DEMO|x64.ActiveCfg = Debug|Any CPU
		{822D0A37-7BB5-4ECB-ACC8-8E38BDF1F063}.DEMO|x64.Build.0 = Debug|Any CPU
		{822D0A37-7BB5-4ECB-ACC8-8E38BDF1F063}.DEMO|x86.ActiveCfg = Debug|x86
		{822D0A37-7BB5-4ECB-ACC8-8E38BDF1F063}.DEMO|x86.Build.0 = Debug|x86
		{822D0A37-7BB5-4ECB-ACC8-8E38BDF1F063}.Docker|Any CPU.ActiveCfg = Debug|Any CPU
		{822D0A37-7BB5-4ECB-ACC8-8E38BDF1F063}.Docker|Any CPU.Build.0 = Debug|Any CPU
		{822D0A37-7BB5-4ECB-ACC8-8E38BDF1F063}.Docker|x64.ActiveCfg = Debug|Any CPU
		{822D0A37-7BB5-4ECB-ACC8-8E38BDF1F063}.Docker|x64.Build.0 = Debug|Any CPU
		{822D0A37-7BB5-4ECB-ACC8-8E38BDF1F063}.Docker|x86.ActiveCfg = Debug|x86
		{822D0A37-7BB5-4ECB-ACC8-8E38BDF1F063}.Docker|x86.Build.0 = Debug|x86
		{822D0A37-7BB5-4ECB-ACC8-8E38BDF1F063}.docs|Any CPU.ActiveCfg = Debug|Any CPU
		{822D0A37-7BB5-4ECB-ACC8-8E38BDF1F063}.docs|Any CPU.Build.0 = Debug|Any CPU
		{822D0A37-7BB5-4ECB-ACC8-8E38BDF1F063}.docs|x64.ActiveCfg = Debug|Any CPU
		{822D0A37-7BB5-4ECB-ACC8-8E38BDF1F063}.docs|x64.Build.0 = Debug|Any CPU
		{822D0A37-7BB5-4ECB-ACC8-8E38BDF1F063}.docs|x86.ActiveCfg = Debug|x86
		{822D0A37-7BB5-4ECB-ACC8-8E38BDF1F063}.docs|x86.Build.0 = Debug|x86
		{822D0A37-7BB5-4ECB-ACC8-8E38BDF1F063}.gcmodeller_desktop|Any CPU.ActiveCfg = Release|Any CPU
		{822D0A37-7BB5-4ECB-ACC8-8E38BDF1F063}.gcmodeller_desktop|Any CPU.Build.0 = Release|Any CPU
		{822D0A37-7BB5-4ECB-ACC8-8E38BDF1F063}.gcmodeller_desktop|x64.ActiveCfg = Release|Any CPU
		{822D0A37-7BB5-4ECB-ACC8-8E38BDF1F063}.gcmodeller_desktop|x64.Build.0 = Release|Any CPU
		{822D0A37-7BB5-4ECB-ACC8-8E38BDF1F063}.gcmodeller_desktop|x86.ActiveCfg = Release|x86
		{822D0A37-7BB5-4ECB-ACC8-8E38BDF1F063}.gcmodeller_desktop|x86.Build.0 = Release|x86
		{822D0A37-7BB5-4ECB-ACC8-8E38BDF1F063}.LipidSearch|Any CPU.ActiveCfg = Release|Any CPU
		{822D0A37-7BB5-4ECB-ACC8-8E38BDF1F063}.LipidSearch|Any CPU.Build.0 = Release|Any CPU
		{822D0A37-7BB5-4ECB-ACC8-8E38BDF1F063}.LipidSearch|x64.ActiveCfg = Release|Any CPU
		{822D0A37-7BB5-4ECB-ACC8-8E38BDF1F063}.LipidSearch|x64.Build.0 = Release|Any CPU
		{822D0A37-7BB5-4ECB-ACC8-8E38BDF1F063}.LipidSearch|x86.ActiveCfg = Release|x86
		{822D0A37-7BB5-4ECB-ACC8-8E38BDF1F063}.LipidSearch|x86.Build.0 = Release|x86
		{822D0A37-7BB5-4ECB-ACC8-8E38BDF1F063}.mzkit_win32|Any CPU.ActiveCfg = Release|Any CPU
		{822D0A37-7BB5-4ECB-ACC8-8E38BDF1F063}.mzkit_win32|Any CPU.Build.0 = Release|Any CPU
		{822D0A37-7BB5-4ECB-ACC8-8E38BDF1F063}.mzkit_win32|x64.ActiveCfg = Release|Any CPU
		{822D0A37-7BB5-4ECB-ACC8-8E38BDF1F063}.mzkit_win32|x64.Build.0 = Release|Any CPU
		{822D0A37-7BB5-4ECB-ACC8-8E38BDF1F063}.mzkit_win32|x86.ActiveCfg = Release|x86
		{822D0A37-7BB5-4ECB-ACC8-8E38BDF1F063}.mzkit_win32|x86.Build.0 = Release|x86
		{822D0A37-7BB5-4ECB-ACC8-8E38BDF1F063}.mzkit|Any CPU.ActiveCfg = Release|Any CPU
		{822D0A37-7BB5-4ECB-ACC8-8E38BDF1F063}.mzkit|Any CPU.Build.0 = Release|Any CPU
		{822D0A37-7BB5-4ECB-ACC8-8E38BDF1F063}.mzkit|x64.ActiveCfg = Release|Any CPU
		{822D0A37-7BB5-4ECB-ACC8-8E38BDF1F063}.mzkit|x64.Build.0 = Release|Any CPU
		{822D0A37-7BB5-4ECB-ACC8-8E38BDF1F063}.mzkit|x86.ActiveCfg = Release|x86
		{822D0A37-7BB5-4ECB-ACC8-8E38BDF1F063}.mzkit|x86.Build.0 = Release|x86
		{822D0A37-7BB5-4ECB-ACC8-8E38BDF1F063}.NPSearch|Any CPU.ActiveCfg = Release|Any CPU
		{822D0A37-7BB5-4ECB-ACC8-8E38BDF1F063}.NPSearch|Any CPU.Build.0 = Release|Any CPU
		{822D0A37-7BB5-4ECB-ACC8-8E38BDF1F063}.NPSearch|x64.ActiveCfg = Release|Any CPU
		{822D0A37-7BB5-4ECB-ACC8-8E38BDF1F063}.NPSearch|x64.Build.0 = Release|Any CPU
		{822D0A37-7BB5-4ECB-ACC8-8E38BDF1F063}.NPSearch|x86.ActiveCfg = Release|x86
		{822D0A37-7BB5-4ECB-ACC8-8E38BDF1F063}.NPSearch|x86.Build.0 = Release|x86
		{822D0A37-7BB5-4ECB-ACC8-8E38BDF1F063}.PlantMAT|Any CPU.ActiveCfg = Release|Any CPU
		{822D0A37-7BB5-4ECB-ACC8-8E38BDF1F063}.PlantMAT|Any CPU.Build.0 = Release|Any CPU
		{822D0A37-7BB5-4ECB-ACC8-8E38BDF1F063}.PlantMAT|x64.ActiveCfg = Release|Any CPU
		{822D0A37-7BB5-4ECB-ACC8-8E38BDF1F063}.PlantMAT|x64.Build.0 = Release|Any CPU
		{822D0A37-7BB5-4ECB-ACC8-8E38BDF1F063}.PlantMAT|x86.ActiveCfg = Release|x86
		{822D0A37-7BB5-4ECB-ACC8-8E38BDF1F063}.PlantMAT|x86.Build.0 = Release|x86
		{822D0A37-7BB5-4ECB-ACC8-8E38BDF1F063}.Publish|Any CPU.ActiveCfg = Release|Any CPU
		{822D0A37-7BB5-4ECB-ACC8-8E38BDF1F063}.Publish|Any CPU.Build.0 = Release|Any CPU
		{822D0A37-7BB5-4ECB-ACC8-8E38BDF1F063}.Publish|x64.ActiveCfg = Release|Any CPU
		{822D0A37-7BB5-4ECB-ACC8-8E38BDF1F063}.Publish|x64.Build.0 = Release|Any CPU
		{822D0A37-7BB5-4ECB-ACC8-8E38BDF1F063}.Publish|x86.ActiveCfg = Release|x86
		{822D0A37-7BB5-4ECB-ACC8-8E38BDF1F063}.Publish|x86.Build.0 = Release|x86
		{822D0A37-7BB5-4ECB-ACC8-8E38BDF1F063}.Release|Any CPU.ActiveCfg = Release|Any CPU
		{822D0A37-7BB5-4ECB-ACC8-8E38BDF1F063}.Release|Any CPU.Build.0 = Release|Any CPU
		{822D0A37-7BB5-4ECB-ACC8-8E38BDF1F063}.Release|x64.ActiveCfg = Release|Any CPU
		{822D0A37-7BB5-4ECB-ACC8-8E38BDF1F063}.Release|x64.Build.0 = Release|Any CPU
		{822D0A37-7BB5-4ECB-ACC8-8E38BDF1F063}.Release|x86.ActiveCfg = Release|x86
		{822D0A37-7BB5-4ECB-ACC8-8E38BDF1F063}.Release|x86.Build.0 = Release|x86
		{822D0A37-7BB5-4ECB-ACC8-8E38BDF1F063}.Release2|Any CPU.ActiveCfg = Release|Any CPU
		{822D0A37-7BB5-4ECB-ACC8-8E38BDF1F063}.Release2|Any CPU.Build.0 = Release|Any CPU
		{822D0A37-7BB5-4ECB-ACC8-8E38BDF1F063}.Release2|x64.ActiveCfg = Release|Any CPU
		{822D0A37-7BB5-4ECB-ACC8-8E38BDF1F063}.Release2|x64.Build.0 = Release|Any CPU
		{822D0A37-7BB5-4ECB-ACC8-8E38BDF1F063}.Release2|x86.ActiveCfg = Release|x86
		{822D0A37-7BB5-4ECB-ACC8-8E38BDF1F063}.Release2|x86.Build.0 = Release|x86
		{822D0A37-7BB5-4ECB-ACC8-8E38BDF1F063}.Rsharp_app_release|Any CPU.ActiveCfg = Release|Any CPU
		{822D0A37-7BB5-4ECB-ACC8-8E38BDF1F063}.Rsharp_app_release|Any CPU.Build.0 = Release|Any CPU
		{822D0A37-7BB5-4ECB-ACC8-8E38BDF1F063}.Rsharp_app_release|x64.ActiveCfg = Release|Any CPU
		{822D0A37-7BB5-4ECB-ACC8-8E38BDF1F063}.Rsharp_app_release|x64.Build.0 = Release|Any CPU
		{822D0A37-7BB5-4ECB-ACC8-8E38BDF1F063}.Rsharp_app_release|x86.ActiveCfg = Release|x86
		{822D0A37-7BB5-4ECB-ACC8-8E38BDF1F063}.Rsharp_app_release|x86.Build.0 = Release|x86
		{95734D4D-9603-464A-B67D-A5BC97150D90}.Debug|Any CPU.ActiveCfg = Debug|Any CPU
		{95734D4D-9603-464A-B67D-A5BC97150D90}.Debug|Any CPU.Build.0 = Debug|Any CPU
		{95734D4D-9603-464A-B67D-A5BC97150D90}.Debug|x64.ActiveCfg = Debug|x64
		{95734D4D-9603-464A-B67D-A5BC97150D90}.Debug|x64.Build.0 = Debug|x64
		{95734D4D-9603-464A-B67D-A5BC97150D90}.Debug|x86.ActiveCfg = Debug|x86
		{95734D4D-9603-464A-B67D-A5BC97150D90}.Debug|x86.Build.0 = Debug|x86
		{95734D4D-9603-464A-B67D-A5BC97150D90}.DEMO|Any CPU.ActiveCfg = Debug|Any CPU
		{95734D4D-9603-464A-B67D-A5BC97150D90}.DEMO|Any CPU.Build.0 = Debug|Any CPU
		{95734D4D-9603-464A-B67D-A5BC97150D90}.DEMO|x64.ActiveCfg = Debug|x64
		{95734D4D-9603-464A-B67D-A5BC97150D90}.DEMO|x64.Build.0 = Debug|x64
		{95734D4D-9603-464A-B67D-A5BC97150D90}.DEMO|x86.ActiveCfg = Debug|x86
		{95734D4D-9603-464A-B67D-A5BC97150D90}.DEMO|x86.Build.0 = Debug|x86
		{95734D4D-9603-464A-B67D-A5BC97150D90}.Docker|Any CPU.ActiveCfg = Debug|Any CPU
		{95734D4D-9603-464A-B67D-A5BC97150D90}.Docker|Any CPU.Build.0 = Debug|Any CPU
		{95734D4D-9603-464A-B67D-A5BC97150D90}.Docker|x64.ActiveCfg = Debug|x64
		{95734D4D-9603-464A-B67D-A5BC97150D90}.Docker|x64.Build.0 = Debug|x64
		{95734D4D-9603-464A-B67D-A5BC97150D90}.Docker|x86.ActiveCfg = Debug|x86
		{95734D4D-9603-464A-B67D-A5BC97150D90}.Docker|x86.Build.0 = Debug|x86
		{95734D4D-9603-464A-B67D-A5BC97150D90}.docs|Any CPU.ActiveCfg = Debug|Any CPU
		{95734D4D-9603-464A-B67D-A5BC97150D90}.docs|Any CPU.Build.0 = Debug|Any CPU
		{95734D4D-9603-464A-B67D-A5BC97150D90}.docs|x64.ActiveCfg = Debug|x64
		{95734D4D-9603-464A-B67D-A5BC97150D90}.docs|x64.Build.0 = Debug|x64
		{95734D4D-9603-464A-B67D-A5BC97150D90}.docs|x86.ActiveCfg = Debug|x86
		{95734D4D-9603-464A-B67D-A5BC97150D90}.docs|x86.Build.0 = Debug|x86
		{95734D4D-9603-464A-B67D-A5BC97150D90}.gcmodeller_desktop|Any CPU.ActiveCfg = Release|Any CPU
		{95734D4D-9603-464A-B67D-A5BC97150D90}.gcmodeller_desktop|Any CPU.Build.0 = Release|Any CPU
		{95734D4D-9603-464A-B67D-A5BC97150D90}.gcmodeller_desktop|x64.ActiveCfg = Release|x64
		{95734D4D-9603-464A-B67D-A5BC97150D90}.gcmodeller_desktop|x64.Build.0 = Release|x64
		{95734D4D-9603-464A-B67D-A5BC97150D90}.gcmodeller_desktop|x86.ActiveCfg = Release|x86
		{95734D4D-9603-464A-B67D-A5BC97150D90}.gcmodeller_desktop|x86.Build.0 = Release|x86
		{95734D4D-9603-464A-B67D-A5BC97150D90}.LipidSearch|Any CPU.ActiveCfg = Release|Any CPU
		{95734D4D-9603-464A-B67D-A5BC97150D90}.LipidSearch|Any CPU.Build.0 = Release|Any CPU
		{95734D4D-9603-464A-B67D-A5BC97150D90}.LipidSearch|x64.ActiveCfg = Release|x64
		{95734D4D-9603-464A-B67D-A5BC97150D90}.LipidSearch|x64.Build.0 = Release|x64
		{95734D4D-9603-464A-B67D-A5BC97150D90}.LipidSearch|x86.ActiveCfg = Release|x86
		{95734D4D-9603-464A-B67D-A5BC97150D90}.LipidSearch|x86.Build.0 = Release|x86
		{95734D4D-9603-464A-B67D-A5BC97150D90}.mzkit_win32|Any CPU.ActiveCfg = Release|Any CPU
		{95734D4D-9603-464A-B67D-A5BC97150D90}.mzkit_win32|Any CPU.Build.0 = Release|Any CPU
		{95734D4D-9603-464A-B67D-A5BC97150D90}.mzkit_win32|x64.ActiveCfg = Release|x64
		{95734D4D-9603-464A-B67D-A5BC97150D90}.mzkit_win32|x64.Build.0 = Release|x64
		{95734D4D-9603-464A-B67D-A5BC97150D90}.mzkit_win32|x86.ActiveCfg = Release|x86
		{95734D4D-9603-464A-B67D-A5BC97150D90}.mzkit_win32|x86.Build.0 = Release|x86
		{95734D4D-9603-464A-B67D-A5BC97150D90}.mzkit|Any CPU.ActiveCfg = Release|Any CPU
		{95734D4D-9603-464A-B67D-A5BC97150D90}.mzkit|Any CPU.Build.0 = Release|Any CPU
		{95734D4D-9603-464A-B67D-A5BC97150D90}.mzkit|x64.ActiveCfg = Release|x64
		{95734D4D-9603-464A-B67D-A5BC97150D90}.mzkit|x64.Build.0 = Release|x64
		{95734D4D-9603-464A-B67D-A5BC97150D90}.mzkit|x86.ActiveCfg = Release|x86
		{95734D4D-9603-464A-B67D-A5BC97150D90}.mzkit|x86.Build.0 = Release|x86
		{95734D4D-9603-464A-B67D-A5BC97150D90}.NPSearch|Any CPU.ActiveCfg = Release|Any CPU
		{95734D4D-9603-464A-B67D-A5BC97150D90}.NPSearch|Any CPU.Build.0 = Release|Any CPU
		{95734D4D-9603-464A-B67D-A5BC97150D90}.NPSearch|x64.ActiveCfg = Release|x64
		{95734D4D-9603-464A-B67D-A5BC97150D90}.NPSearch|x64.Build.0 = Release|x64
		{95734D4D-9603-464A-B67D-A5BC97150D90}.NPSearch|x86.ActiveCfg = Release|x86
		{95734D4D-9603-464A-B67D-A5BC97150D90}.NPSearch|x86.Build.0 = Release|x86
		{95734D4D-9603-464A-B67D-A5BC97150D90}.PlantMAT|Any CPU.ActiveCfg = Publish|Any CPU
		{95734D4D-9603-464A-B67D-A5BC97150D90}.PlantMAT|Any CPU.Build.0 = Publish|Any CPU
		{95734D4D-9603-464A-B67D-A5BC97150D90}.PlantMAT|x64.ActiveCfg = Publish|x64
		{95734D4D-9603-464A-B67D-A5BC97150D90}.PlantMAT|x64.Build.0 = Publish|x64
		{95734D4D-9603-464A-B67D-A5BC97150D90}.PlantMAT|x86.ActiveCfg = Publish|x86
		{95734D4D-9603-464A-B67D-A5BC97150D90}.PlantMAT|x86.Build.0 = Publish|x86
		{95734D4D-9603-464A-B67D-A5BC97150D90}.Publish|Any CPU.ActiveCfg = Publish|Any CPU
		{95734D4D-9603-464A-B67D-A5BC97150D90}.Publish|Any CPU.Build.0 = Publish|Any CPU
		{95734D4D-9603-464A-B67D-A5BC97150D90}.Publish|x64.ActiveCfg = Publish|x64
		{95734D4D-9603-464A-B67D-A5BC97150D90}.Publish|x64.Build.0 = Publish|x64
		{95734D4D-9603-464A-B67D-A5BC97150D90}.Publish|x86.ActiveCfg = Publish|x86
		{95734D4D-9603-464A-B67D-A5BC97150D90}.Publish|x86.Build.0 = Publish|x86
		{95734D4D-9603-464A-B67D-A5BC97150D90}.Release|Any CPU.ActiveCfg = Release|Any CPU
		{95734D4D-9603-464A-B67D-A5BC97150D90}.Release|Any CPU.Build.0 = Release|Any CPU
		{95734D4D-9603-464A-B67D-A5BC97150D90}.Release|x64.ActiveCfg = Release|x64
		{95734D4D-9603-464A-B67D-A5BC97150D90}.Release|x64.Build.0 = Release|x64
		{95734D4D-9603-464A-B67D-A5BC97150D90}.Release|x86.ActiveCfg = Release|x86
		{95734D4D-9603-464A-B67D-A5BC97150D90}.Release|x86.Build.0 = Release|x86
		{95734D4D-9603-464A-B67D-A5BC97150D90}.Release2|Any CPU.ActiveCfg = Release|Any CPU
		{95734D4D-9603-464A-B67D-A5BC97150D90}.Release2|Any CPU.Build.0 = Release|Any CPU
		{95734D4D-9603-464A-B67D-A5BC97150D90}.Release2|x64.ActiveCfg = Release|x64
		{95734D4D-9603-464A-B67D-A5BC97150D90}.Release2|x64.Build.0 = Release|x64
		{95734D4D-9603-464A-B67D-A5BC97150D90}.Release2|x86.ActiveCfg = Release|x86
		{95734D4D-9603-464A-B67D-A5BC97150D90}.Release2|x86.Build.0 = Release|x86
		{95734D4D-9603-464A-B67D-A5BC97150D90}.Rsharp_app_release|Any CPU.ActiveCfg = Release|Any CPU
		{95734D4D-9603-464A-B67D-A5BC97150D90}.Rsharp_app_release|Any CPU.Build.0 = Release|Any CPU
		{95734D4D-9603-464A-B67D-A5BC97150D90}.Rsharp_app_release|x64.ActiveCfg = Release|x64
		{95734D4D-9603-464A-B67D-A5BC97150D90}.Rsharp_app_release|x64.Build.0 = Release|x64
		{95734D4D-9603-464A-B67D-A5BC97150D90}.Rsharp_app_release|x86.ActiveCfg = Release|x86
		{95734D4D-9603-464A-B67D-A5BC97150D90}.Rsharp_app_release|x86.Build.0 = Release|x86
		{3D61F3A9-A8E0-4195-9133-6FD8E4B82D54}.Debug|Any CPU.ActiveCfg = Debug|Any CPU
		{3D61F3A9-A8E0-4195-9133-6FD8E4B82D54}.Debug|Any CPU.Build.0 = Debug|Any CPU
		{3D61F3A9-A8E0-4195-9133-6FD8E4B82D54}.Debug|x64.ActiveCfg = Debug|Any CPU
		{3D61F3A9-A8E0-4195-9133-6FD8E4B82D54}.Debug|x64.Build.0 = Debug|Any CPU
		{3D61F3A9-A8E0-4195-9133-6FD8E4B82D54}.Debug|x86.ActiveCfg = Debug|x86
		{3D61F3A9-A8E0-4195-9133-6FD8E4B82D54}.Debug|x86.Build.0 = Debug|x86
		{3D61F3A9-A8E0-4195-9133-6FD8E4B82D54}.DEMO|Any CPU.ActiveCfg = Debug|Any CPU
		{3D61F3A9-A8E0-4195-9133-6FD8E4B82D54}.DEMO|Any CPU.Build.0 = Debug|Any CPU
		{3D61F3A9-A8E0-4195-9133-6FD8E4B82D54}.DEMO|x64.ActiveCfg = Debug|Any CPU
		{3D61F3A9-A8E0-4195-9133-6FD8E4B82D54}.DEMO|x64.Build.0 = Debug|Any CPU
		{3D61F3A9-A8E0-4195-9133-6FD8E4B82D54}.DEMO|x86.ActiveCfg = Debug|x86
		{3D61F3A9-A8E0-4195-9133-6FD8E4B82D54}.DEMO|x86.Build.0 = Debug|x86
		{3D61F3A9-A8E0-4195-9133-6FD8E4B82D54}.Docker|Any CPU.ActiveCfg = Debug|Any CPU
		{3D61F3A9-A8E0-4195-9133-6FD8E4B82D54}.Docker|Any CPU.Build.0 = Debug|Any CPU
		{3D61F3A9-A8E0-4195-9133-6FD8E4B82D54}.Docker|x64.ActiveCfg = Debug|Any CPU
		{3D61F3A9-A8E0-4195-9133-6FD8E4B82D54}.Docker|x64.Build.0 = Debug|Any CPU
		{3D61F3A9-A8E0-4195-9133-6FD8E4B82D54}.Docker|x86.ActiveCfg = Debug|x86
		{3D61F3A9-A8E0-4195-9133-6FD8E4B82D54}.Docker|x86.Build.0 = Debug|x86
		{3D61F3A9-A8E0-4195-9133-6FD8E4B82D54}.docs|Any CPU.ActiveCfg = Debug|Any CPU
		{3D61F3A9-A8E0-4195-9133-6FD8E4B82D54}.docs|Any CPU.Build.0 = Debug|Any CPU
		{3D61F3A9-A8E0-4195-9133-6FD8E4B82D54}.docs|x64.ActiveCfg = Debug|Any CPU
		{3D61F3A9-A8E0-4195-9133-6FD8E4B82D54}.docs|x64.Build.0 = Debug|Any CPU
		{3D61F3A9-A8E0-4195-9133-6FD8E4B82D54}.docs|x86.ActiveCfg = Debug|x86
		{3D61F3A9-A8E0-4195-9133-6FD8E4B82D54}.docs|x86.Build.0 = Debug|x86
		{3D61F3A9-A8E0-4195-9133-6FD8E4B82D54}.gcmodeller_desktop|Any CPU.ActiveCfg = Release|Any CPU
		{3D61F3A9-A8E0-4195-9133-6FD8E4B82D54}.gcmodeller_desktop|Any CPU.Build.0 = Release|Any CPU
		{3D61F3A9-A8E0-4195-9133-6FD8E4B82D54}.gcmodeller_desktop|x64.ActiveCfg = Release|Any CPU
		{3D61F3A9-A8E0-4195-9133-6FD8E4B82D54}.gcmodeller_desktop|x64.Build.0 = Release|Any CPU
		{3D61F3A9-A8E0-4195-9133-6FD8E4B82D54}.gcmodeller_desktop|x86.ActiveCfg = Release|x86
		{3D61F3A9-A8E0-4195-9133-6FD8E4B82D54}.gcmodeller_desktop|x86.Build.0 = Release|x86
		{3D61F3A9-A8E0-4195-9133-6FD8E4B82D54}.LipidSearch|Any CPU.ActiveCfg = Release|Any CPU
		{3D61F3A9-A8E0-4195-9133-6FD8E4B82D54}.LipidSearch|Any CPU.Build.0 = Release|Any CPU
		{3D61F3A9-A8E0-4195-9133-6FD8E4B82D54}.LipidSearch|x64.ActiveCfg = Release|Any CPU
		{3D61F3A9-A8E0-4195-9133-6FD8E4B82D54}.LipidSearch|x64.Build.0 = Release|Any CPU
		{3D61F3A9-A8E0-4195-9133-6FD8E4B82D54}.LipidSearch|x86.ActiveCfg = Release|x86
		{3D61F3A9-A8E0-4195-9133-6FD8E4B82D54}.LipidSearch|x86.Build.0 = Release|x86
		{3D61F3A9-A8E0-4195-9133-6FD8E4B82D54}.mzkit_win32|Any CPU.ActiveCfg = Release|Any CPU
		{3D61F3A9-A8E0-4195-9133-6FD8E4B82D54}.mzkit_win32|Any CPU.Build.0 = Release|Any CPU
		{3D61F3A9-A8E0-4195-9133-6FD8E4B82D54}.mzkit_win32|x64.ActiveCfg = Release|Any CPU
		{3D61F3A9-A8E0-4195-9133-6FD8E4B82D54}.mzkit_win32|x64.Build.0 = Release|Any CPU
		{3D61F3A9-A8E0-4195-9133-6FD8E4B82D54}.mzkit_win32|x86.ActiveCfg = Release|x86
		{3D61F3A9-A8E0-4195-9133-6FD8E4B82D54}.mzkit_win32|x86.Build.0 = Release|x86
		{3D61F3A9-A8E0-4195-9133-6FD8E4B82D54}.mzkit|Any CPU.ActiveCfg = Release|Any CPU
		{3D61F3A9-A8E0-4195-9133-6FD8E4B82D54}.mzkit|Any CPU.Build.0 = Release|Any CPU
		{3D61F3A9-A8E0-4195-9133-6FD8E4B82D54}.mzkit|x64.ActiveCfg = Release|Any CPU
		{3D61F3A9-A8E0-4195-9133-6FD8E4B82D54}.mzkit|x64.Build.0 = Release|Any CPU
		{3D61F3A9-A8E0-4195-9133-6FD8E4B82D54}.mzkit|x86.ActiveCfg = Release|x86
		{3D61F3A9-A8E0-4195-9133-6FD8E4B82D54}.mzkit|x86.Build.0 = Release|x86
		{3D61F3A9-A8E0-4195-9133-6FD8E4B82D54}.NPSearch|Any CPU.ActiveCfg = Release|Any CPU
		{3D61F3A9-A8E0-4195-9133-6FD8E4B82D54}.NPSearch|Any CPU.Build.0 = Release|Any CPU
		{3D61F3A9-A8E0-4195-9133-6FD8E4B82D54}.NPSearch|x64.ActiveCfg = Release|Any CPU
		{3D61F3A9-A8E0-4195-9133-6FD8E4B82D54}.NPSearch|x64.Build.0 = Release|Any CPU
		{3D61F3A9-A8E0-4195-9133-6FD8E4B82D54}.NPSearch|x86.ActiveCfg = Release|x86
		{3D61F3A9-A8E0-4195-9133-6FD8E4B82D54}.NPSearch|x86.Build.0 = Release|x86
		{3D61F3A9-A8E0-4195-9133-6FD8E4B82D54}.PlantMAT|Any CPU.ActiveCfg = Publish|Any CPU
		{3D61F3A9-A8E0-4195-9133-6FD8E4B82D54}.PlantMAT|Any CPU.Build.0 = Publish|Any CPU
		{3D61F3A9-A8E0-4195-9133-6FD8E4B82D54}.PlantMAT|x64.ActiveCfg = Publish|Any CPU
		{3D61F3A9-A8E0-4195-9133-6FD8E4B82D54}.PlantMAT|x64.Build.0 = Publish|Any CPU
		{3D61F3A9-A8E0-4195-9133-6FD8E4B82D54}.PlantMAT|x86.ActiveCfg = Publish|x86
		{3D61F3A9-A8E0-4195-9133-6FD8E4B82D54}.PlantMAT|x86.Build.0 = Publish|x86
		{3D61F3A9-A8E0-4195-9133-6FD8E4B82D54}.Publish|Any CPU.ActiveCfg = Publish|Any CPU
		{3D61F3A9-A8E0-4195-9133-6FD8E4B82D54}.Publish|Any CPU.Build.0 = Publish|Any CPU
		{3D61F3A9-A8E0-4195-9133-6FD8E4B82D54}.Publish|x64.ActiveCfg = Publish|Any CPU
		{3D61F3A9-A8E0-4195-9133-6FD8E4B82D54}.Publish|x64.Build.0 = Publish|Any CPU
		{3D61F3A9-A8E0-4195-9133-6FD8E4B82D54}.Publish|x86.ActiveCfg = Publish|x86
		{3D61F3A9-A8E0-4195-9133-6FD8E4B82D54}.Publish|x86.Build.0 = Publish|x86
		{3D61F3A9-A8E0-4195-9133-6FD8E4B82D54}.Release|Any CPU.ActiveCfg = Release|Any CPU
		{3D61F3A9-A8E0-4195-9133-6FD8E4B82D54}.Release|Any CPU.Build.0 = Release|Any CPU
		{3D61F3A9-A8E0-4195-9133-6FD8E4B82D54}.Release|x64.ActiveCfg = Release|Any CPU
		{3D61F3A9-A8E0-4195-9133-6FD8E4B82D54}.Release|x64.Build.0 = Release|Any CPU
		{3D61F3A9-A8E0-4195-9133-6FD8E4B82D54}.Release|x86.ActiveCfg = Release|x86
		{3D61F3A9-A8E0-4195-9133-6FD8E4B82D54}.Release|x86.Build.0 = Release|x86
		{3D61F3A9-A8E0-4195-9133-6FD8E4B82D54}.Release2|Any CPU.ActiveCfg = Release|Any CPU
		{3D61F3A9-A8E0-4195-9133-6FD8E4B82D54}.Release2|Any CPU.Build.0 = Release|Any CPU
		{3D61F3A9-A8E0-4195-9133-6FD8E4B82D54}.Release2|x64.ActiveCfg = Release|Any CPU
		{3D61F3A9-A8E0-4195-9133-6FD8E4B82D54}.Release2|x64.Build.0 = Release|Any CPU
		{3D61F3A9-A8E0-4195-9133-6FD8E4B82D54}.Release2|x86.ActiveCfg = Release|x86
		{3D61F3A9-A8E0-4195-9133-6FD8E4B82D54}.Release2|x86.Build.0 = Release|x86
		{3D61F3A9-A8E0-4195-9133-6FD8E4B82D54}.Rsharp_app_release|Any CPU.ActiveCfg = Release|Any CPU
		{3D61F3A9-A8E0-4195-9133-6FD8E4B82D54}.Rsharp_app_release|Any CPU.Build.0 = Release|Any CPU
		{3D61F3A9-A8E0-4195-9133-6FD8E4B82D54}.Rsharp_app_release|x64.ActiveCfg = Release|Any CPU
		{3D61F3A9-A8E0-4195-9133-6FD8E4B82D54}.Rsharp_app_release|x64.Build.0 = Release|Any CPU
		{3D61F3A9-A8E0-4195-9133-6FD8E4B82D54}.Rsharp_app_release|x86.ActiveCfg = Release|x86
		{3D61F3A9-A8E0-4195-9133-6FD8E4B82D54}.Rsharp_app_release|x86.Build.0 = Release|x86
		{6AD6DB93-C743-4BE2-8C19-E4C3062AAC99}.Debug|Any CPU.ActiveCfg = Debug|Any CPU
		{6AD6DB93-C743-4BE2-8C19-E4C3062AAC99}.Debug|Any CPU.Build.0 = Debug|Any CPU
		{6AD6DB93-C743-4BE2-8C19-E4C3062AAC99}.Debug|x64.ActiveCfg = Debug|x64
		{6AD6DB93-C743-4BE2-8C19-E4C3062AAC99}.Debug|x64.Build.0 = Debug|x64
		{6AD6DB93-C743-4BE2-8C19-E4C3062AAC99}.Debug|x86.ActiveCfg = Debug|x86
		{6AD6DB93-C743-4BE2-8C19-E4C3062AAC99}.Debug|x86.Build.0 = Debug|x86
		{6AD6DB93-C743-4BE2-8C19-E4C3062AAC99}.DEMO|Any CPU.ActiveCfg = Debug|Any CPU
		{6AD6DB93-C743-4BE2-8C19-E4C3062AAC99}.DEMO|Any CPU.Build.0 = Debug|Any CPU
		{6AD6DB93-C743-4BE2-8C19-E4C3062AAC99}.DEMO|x64.ActiveCfg = Debug|x64
		{6AD6DB93-C743-4BE2-8C19-E4C3062AAC99}.DEMO|x64.Build.0 = Debug|x64
		{6AD6DB93-C743-4BE2-8C19-E4C3062AAC99}.DEMO|x86.ActiveCfg = Debug|x86
		{6AD6DB93-C743-4BE2-8C19-E4C3062AAC99}.DEMO|x86.Build.0 = Debug|x86
		{6AD6DB93-C743-4BE2-8C19-E4C3062AAC99}.Docker|Any CPU.ActiveCfg = Docker|Any CPU
		{6AD6DB93-C743-4BE2-8C19-E4C3062AAC99}.Docker|Any CPU.Build.0 = Docker|Any CPU
		{6AD6DB93-C743-4BE2-8C19-E4C3062AAC99}.Docker|x64.ActiveCfg = Docker|x64
		{6AD6DB93-C743-4BE2-8C19-E4C3062AAC99}.Docker|x64.Build.0 = Docker|x64
		{6AD6DB93-C743-4BE2-8C19-E4C3062AAC99}.Docker|x86.ActiveCfg = Docker|x86
		{6AD6DB93-C743-4BE2-8C19-E4C3062AAC99}.Docker|x86.Build.0 = Docker|x86
		{6AD6DB93-C743-4BE2-8C19-E4C3062AAC99}.docs|Any CPU.ActiveCfg = Docker|Any CPU
		{6AD6DB93-C743-4BE2-8C19-E4C3062AAC99}.docs|Any CPU.Build.0 = Docker|Any CPU
		{6AD6DB93-C743-4BE2-8C19-E4C3062AAC99}.docs|x64.ActiveCfg = Docker|x64
		{6AD6DB93-C743-4BE2-8C19-E4C3062AAC99}.docs|x64.Build.0 = Docker|x64
		{6AD6DB93-C743-4BE2-8C19-E4C3062AAC99}.docs|x86.ActiveCfg = Docker|x86
		{6AD6DB93-C743-4BE2-8C19-E4C3062AAC99}.docs|x86.Build.0 = Docker|x86
		{6AD6DB93-C743-4BE2-8C19-E4C3062AAC99}.gcmodeller_desktop|Any CPU.ActiveCfg = gcmodeller_desktop|Any CPU
		{6AD6DB93-C743-4BE2-8C19-E4C3062AAC99}.gcmodeller_desktop|Any CPU.Build.0 = gcmodeller_desktop|Any CPU
		{6AD6DB93-C743-4BE2-8C19-E4C3062AAC99}.gcmodeller_desktop|x64.ActiveCfg = gcmodeller_desktop|x64
		{6AD6DB93-C743-4BE2-8C19-E4C3062AAC99}.gcmodeller_desktop|x64.Build.0 = gcmodeller_desktop|x64
		{6AD6DB93-C743-4BE2-8C19-E4C3062AAC99}.gcmodeller_desktop|x86.ActiveCfg = gcmodeller_desktop|x86
		{6AD6DB93-C743-4BE2-8C19-E4C3062AAC99}.gcmodeller_desktop|x86.Build.0 = gcmodeller_desktop|x86
		{6AD6DB93-C743-4BE2-8C19-E4C3062AAC99}.LipidSearch|Any CPU.ActiveCfg = LipidSearch|Any CPU
		{6AD6DB93-C743-4BE2-8C19-E4C3062AAC99}.LipidSearch|Any CPU.Build.0 = LipidSearch|Any CPU
		{6AD6DB93-C743-4BE2-8C19-E4C3062AAC99}.LipidSearch|x64.ActiveCfg = LipidSearch|x64
		{6AD6DB93-C743-4BE2-8C19-E4C3062AAC99}.LipidSearch|x64.Build.0 = LipidSearch|x64
		{6AD6DB93-C743-4BE2-8C19-E4C3062AAC99}.LipidSearch|x86.ActiveCfg = LipidSearch|x86
		{6AD6DB93-C743-4BE2-8C19-E4C3062AAC99}.LipidSearch|x86.Build.0 = LipidSearch|x86
		{6AD6DB93-C743-4BE2-8C19-E4C3062AAC99}.mzkit_win32|Any CPU.ActiveCfg = mzkit_win32|Any CPU
		{6AD6DB93-C743-4BE2-8C19-E4C3062AAC99}.mzkit_win32|Any CPU.Build.0 = mzkit_win32|Any CPU
		{6AD6DB93-C743-4BE2-8C19-E4C3062AAC99}.mzkit_win32|x64.ActiveCfg = mzkit_win32|x64
		{6AD6DB93-C743-4BE2-8C19-E4C3062AAC99}.mzkit_win32|x64.Build.0 = mzkit_win32|x64
		{6AD6DB93-C743-4BE2-8C19-E4C3062AAC99}.mzkit_win32|x86.ActiveCfg = mzkit_win32|x86
		{6AD6DB93-C743-4BE2-8C19-E4C3062AAC99}.mzkit_win32|x86.Build.0 = mzkit_win32|x86
		{6AD6DB93-C743-4BE2-8C19-E4C3062AAC99}.mzkit|Any CPU.ActiveCfg = mzkit|Any CPU
		{6AD6DB93-C743-4BE2-8C19-E4C3062AAC99}.mzkit|Any CPU.Build.0 = mzkit|Any CPU
		{6AD6DB93-C743-4BE2-8C19-E4C3062AAC99}.mzkit|x64.ActiveCfg = mzkit|x64
		{6AD6DB93-C743-4BE2-8C19-E4C3062AAC99}.mzkit|x64.Build.0 = mzkit|x64
		{6AD6DB93-C743-4BE2-8C19-E4C3062AAC99}.mzkit|x86.ActiveCfg = mzkit|x86
		{6AD6DB93-C743-4BE2-8C19-E4C3062AAC99}.mzkit|x86.Build.0 = mzkit|x86
		{6AD6DB93-C743-4BE2-8C19-E4C3062AAC99}.NPSearch|Any CPU.ActiveCfg = NPSearch|Any CPU
		{6AD6DB93-C743-4BE2-8C19-E4C3062AAC99}.NPSearch|Any CPU.Build.0 = NPSearch|Any CPU
		{6AD6DB93-C743-4BE2-8C19-E4C3062AAC99}.NPSearch|x64.ActiveCfg = NPSearch|x64
		{6AD6DB93-C743-4BE2-8C19-E4C3062AAC99}.NPSearch|x64.Build.0 = NPSearch|x64
		{6AD6DB93-C743-4BE2-8C19-E4C3062AAC99}.NPSearch|x86.ActiveCfg = NPSearch|x86
		{6AD6DB93-C743-4BE2-8C19-E4C3062AAC99}.NPSearch|x86.Build.0 = NPSearch|x86
		{6AD6DB93-C743-4BE2-8C19-E4C3062AAC99}.PlantMAT|Any CPU.ActiveCfg = PlantMAT|Any CPU
		{6AD6DB93-C743-4BE2-8C19-E4C3062AAC99}.PlantMAT|Any CPU.Build.0 = PlantMAT|Any CPU
		{6AD6DB93-C743-4BE2-8C19-E4C3062AAC99}.PlantMAT|x64.ActiveCfg = PlantMAT|x64
		{6AD6DB93-C743-4BE2-8C19-E4C3062AAC99}.PlantMAT|x64.Build.0 = PlantMAT|x64
		{6AD6DB93-C743-4BE2-8C19-E4C3062AAC99}.PlantMAT|x86.ActiveCfg = PlantMAT|x86
		{6AD6DB93-C743-4BE2-8C19-E4C3062AAC99}.PlantMAT|x86.Build.0 = PlantMAT|x86
		{6AD6DB93-C743-4BE2-8C19-E4C3062AAC99}.Publish|Any CPU.ActiveCfg = PlantMAT|Any CPU
		{6AD6DB93-C743-4BE2-8C19-E4C3062AAC99}.Publish|Any CPU.Build.0 = PlantMAT|Any CPU
		{6AD6DB93-C743-4BE2-8C19-E4C3062AAC99}.Publish|x64.ActiveCfg = PlantMAT|x64
		{6AD6DB93-C743-4BE2-8C19-E4C3062AAC99}.Publish|x64.Build.0 = PlantMAT|x64
		{6AD6DB93-C743-4BE2-8C19-E4C3062AAC99}.Publish|x86.ActiveCfg = PlantMAT|x86
		{6AD6DB93-C743-4BE2-8C19-E4C3062AAC99}.Publish|x86.Build.0 = PlantMAT|x86
		{6AD6DB93-C743-4BE2-8C19-E4C3062AAC99}.Release|Any CPU.ActiveCfg = Release|Any CPU
		{6AD6DB93-C743-4BE2-8C19-E4C3062AAC99}.Release|Any CPU.Build.0 = Release|Any CPU
		{6AD6DB93-C743-4BE2-8C19-E4C3062AAC99}.Release|x64.ActiveCfg = Release|x64
		{6AD6DB93-C743-4BE2-8C19-E4C3062AAC99}.Release|x64.Build.0 = Release|x64
		{6AD6DB93-C743-4BE2-8C19-E4C3062AAC99}.Release|x86.ActiveCfg = Release|x86
		{6AD6DB93-C743-4BE2-8C19-E4C3062AAC99}.Release|x86.Build.0 = Release|x86
		{6AD6DB93-C743-4BE2-8C19-E4C3062AAC99}.Release2|Any CPU.ActiveCfg = Rsharp_app_release|Any CPU
		{6AD6DB93-C743-4BE2-8C19-E4C3062AAC99}.Release2|Any CPU.Build.0 = Rsharp_app_release|Any CPU
		{6AD6DB93-C743-4BE2-8C19-E4C3062AAC99}.Release2|x64.ActiveCfg = Rsharp_app_release|x64
		{6AD6DB93-C743-4BE2-8C19-E4C3062AAC99}.Release2|x64.Build.0 = Rsharp_app_release|x64
		{6AD6DB93-C743-4BE2-8C19-E4C3062AAC99}.Release2|x86.ActiveCfg = Rsharp_app_release|x86
		{6AD6DB93-C743-4BE2-8C19-E4C3062AAC99}.Release2|x86.Build.0 = Rsharp_app_release|x86
		{6AD6DB93-C743-4BE2-8C19-E4C3062AAC99}.Rsharp_app_release|Any CPU.ActiveCfg = Rsharp_app_release|Any CPU
		{6AD6DB93-C743-4BE2-8C19-E4C3062AAC99}.Rsharp_app_release|Any CPU.Build.0 = Rsharp_app_release|Any CPU
		{6AD6DB93-C743-4BE2-8C19-E4C3062AAC99}.Rsharp_app_release|x64.ActiveCfg = Rsharp_app_release|x64
		{6AD6DB93-C743-4BE2-8C19-E4C3062AAC99}.Rsharp_app_release|x64.Build.0 = Rsharp_app_release|x64
		{6AD6DB93-C743-4BE2-8C19-E4C3062AAC99}.Rsharp_app_release|x86.ActiveCfg = Rsharp_app_release|x86
		{6AD6DB93-C743-4BE2-8C19-E4C3062AAC99}.Rsharp_app_release|x86.Build.0 = Rsharp_app_release|x86
	EndGlobalSection
	GlobalSection(SolutionProperties) = preSolution
		HideSolutionNode = FALSE
	EndGlobalSection
	GlobalSection(NestedProjects) = preSolution
		{822D0A37-7BB5-4ECB-ACC8-8E38BDF1F063} = {A1F0D864-4922-44F5-B00B-6DD5014BD71B}
		{95734D4D-9603-464A-B67D-A5BC97150D90} = {A1F0D864-4922-44F5-B00B-6DD5014BD71B}
		{3D61F3A9-A8E0-4195-9133-6FD8E4B82D54} = {A1F0D864-4922-44F5-B00B-6DD5014BD71B}
		{6AD6DB93-C743-4BE2-8C19-E4C3062AAC99} = {A1F0D864-4922-44F5-B00B-6DD5014BD71B}
	EndGlobalSection
	GlobalSection(ExtensibilityGlobals) = postSolution
		SolutionGuid = {34903B05-D61F-4683-BED9-106D758BD3C8}
	EndGlobalSection
EndGlobal
