
Microsoft Visual Studio Solution File, Format Version 12.00
# Visual Studio 15
VisualStudioVersion = 15.0.26711.1
MinimumVisualStudioVersion = 10.0.40219.1
Project("{F184B08F-C81C-45F6-A57F-5ABD9991F28F}") = "Zplay-Music", "Zplay-Music\Zplay-Music.vbproj", "{D408BA67-E4FE-424C-BAB8-DA623DA8C5F0}"
EndProject
Project("{F184B08F-C81C-45F6-A57F-5ABD9991F28F}") = "Zplay.MediaLibrary", "Zplay.MediaLibrary\Zplay.MediaLibrary.vbproj", "{D1C46857-FD85-49A1-8619-B2E1219CD5D7}"
EndProject
Project("{F184B08F-C81C-45F6-A57F-5ABD9991F28F}") = "libZPlay.Extensions", "..\Drivers\libZPlay\libZPlay.Extensions.vbproj", "{822D0A37-7BB5-4ECB-ACC8-8E38BDF1F063}"
EndProject
Project("{F184B08F-C81C-45F6-A57F-5ABD9991F28F}") = "+Microsoft.VisualBasic.Architecture.Framework", "..\..\repo\sciBASIC\Microsoft.VisualBasic.Architecture.Framework\+Microsoft.VisualBasic.Architecture.Framework.vbproj", "{FECCE1FD-E1D4-49E3-A668-60BB5E7AED99}"
EndProject
Project("{F184B08F-C81C-45F6-A57F-5ABD9991F28F}") = "notify-osd", "..\Drivers\notify-osd\notify-osd.vbproj", "{95734D4D-9603-464A-B67D-A5BC97150D90}"
EndProject
Project("{2150E333-8FDC-42A3-9474-1A3956D46DE8}") = "runtime", "runtime", "{A1F0D864-4922-44F5-B00B-6DD5014BD71B}"
EndProject
Global
	GlobalSection(SolutionConfigurationPlatforms) = preSolution
		Debug|Any CPU = Debug|Any CPU
		Debug|x64 = Debug|x64
		Debug|x86 = Debug|x86
		DEMO|Any CPU = DEMO|Any CPU
		DEMO|x64 = DEMO|x64
		DEMO|x86 = DEMO|x86
		docs|Any CPU = docs|Any CPU
		docs|x64 = docs|x64
		docs|x86 = docs|x86
		Publish|Any CPU = Publish|Any CPU
		Publish|x64 = Publish|x64
		Publish|x86 = Publish|x86
		Release|Any CPU = Release|Any CPU
		Release|x64 = Release|x64
		Release|x86 = Release|x86
		Release2|Any CPU = Release2|Any CPU
		Release2|x64 = Release2|x64
		Release2|x86 = Release2|x86
	EndGlobalSection
	GlobalSection(ProjectConfigurationPlatforms) = postSolution
		{D408BA67-E4FE-424C-BAB8-DA623DA8C5F0}.Debug|Any CPU.ActiveCfg = Debug|Any CPU
		{D408BA67-E4FE-424C-BAB8-DA623DA8C5F0}.Debug|Any CPU.Build.0 = Debug|Any CPU
		{D408BA67-E4FE-424C-BAB8-DA623DA8C5F0}.Debug|x64.ActiveCfg = Debug|x64
		{D408BA67-E4FE-424C-BAB8-DA623DA8C5F0}.Debug|x64.Build.0 = Debug|x64
		{D408BA67-E4FE-424C-BAB8-DA623DA8C5F0}.Debug|x86.ActiveCfg = Debug|x86
		{D408BA67-E4FE-424C-BAB8-DA623DA8C5F0}.Debug|x86.Build.0 = Debug|x86
		{D408BA67-E4FE-424C-BAB8-DA623DA8C5F0}.DEMO|Any CPU.ActiveCfg = Debug|Any CPU
		{D408BA67-E4FE-424C-BAB8-DA623DA8C5F0}.DEMO|Any CPU.Build.0 = Debug|Any CPU
		{D408BA67-E4FE-424C-BAB8-DA623DA8C5F0}.DEMO|x64.ActiveCfg = Debug|x64
		{D408BA67-E4FE-424C-BAB8-DA623DA8C5F0}.DEMO|x64.Build.0 = Debug|x64
		{D408BA67-E4FE-424C-BAB8-DA623DA8C5F0}.DEMO|x86.ActiveCfg = Debug|x86
		{D408BA67-E4FE-424C-BAB8-DA623DA8C5F0}.DEMO|x86.Build.0 = Debug|x86
		{D408BA67-E4FE-424C-BAB8-DA623DA8C5F0}.docs|Any CPU.ActiveCfg = Debug|Any CPU
		{D408BA67-E4FE-424C-BAB8-DA623DA8C5F0}.docs|Any CPU.Build.0 = Debug|Any CPU
		{D408BA67-E4FE-424C-BAB8-DA623DA8C5F0}.docs|x64.ActiveCfg = Debug|x64
		{D408BA67-E4FE-424C-BAB8-DA623DA8C5F0}.docs|x64.Build.0 = Debug|x64
		{D408BA67-E4FE-424C-BAB8-DA623DA8C5F0}.docs|x86.ActiveCfg = Debug|x86
		{D408BA67-E4FE-424C-BAB8-DA623DA8C5F0}.docs|x86.Build.0 = Debug|x86
		{D408BA67-E4FE-424C-BAB8-DA623DA8C5F0}.Publish|Any CPU.ActiveCfg = Release|Any CPU
		{D408BA67-E4FE-424C-BAB8-DA623DA8C5F0}.Publish|Any CPU.Build.0 = Release|Any CPU
		{D408BA67-E4FE-424C-BAB8-DA623DA8C5F0}.Publish|x64.ActiveCfg = Release|x64
		{D408BA67-E4FE-424C-BAB8-DA623DA8C5F0}.Publish|x64.Build.0 = Release|x64
		{D408BA67-E4FE-424C-BAB8-DA623DA8C5F0}.Publish|x86.ActiveCfg = Release|x86
		{D408BA67-E4FE-424C-BAB8-DA623DA8C5F0}.Publish|x86.Build.0 = Release|x86
		{D408BA67-E4FE-424C-BAB8-DA623DA8C5F0}.Release|Any CPU.ActiveCfg = Release|Any CPU
		{D408BA67-E4FE-424C-BAB8-DA623DA8C5F0}.Release|Any CPU.Build.0 = Release|Any CPU
		{D408BA67-E4FE-424C-BAB8-DA623DA8C5F0}.Release|x64.ActiveCfg = Release|x64
		{D408BA67-E4FE-424C-BAB8-DA623DA8C5F0}.Release|x64.Build.0 = Release|x64
		{D408BA67-E4FE-424C-BAB8-DA623DA8C5F0}.Release|x86.ActiveCfg = Release|x86
		{D408BA67-E4FE-424C-BAB8-DA623DA8C5F0}.Release|x86.Build.0 = Release|x86
		{D408BA67-E4FE-424C-BAB8-DA623DA8C5F0}.Release2|Any CPU.ActiveCfg = Release|Any CPU
		{D408BA67-E4FE-424C-BAB8-DA623DA8C5F0}.Release2|Any CPU.Build.0 = Release|Any CPU
		{D408BA67-E4FE-424C-BAB8-DA623DA8C5F0}.Release2|x64.ActiveCfg = Release|x64
		{D408BA67-E4FE-424C-BAB8-DA623DA8C5F0}.Release2|x64.Build.0 = Release|x64
		{D408BA67-E4FE-424C-BAB8-DA623DA8C5F0}.Release2|x86.ActiveCfg = Release|x86
		{D408BA67-E4FE-424C-BAB8-DA623DA8C5F0}.Release2|x86.Build.0 = Release|x86
		{D1C46857-FD85-49A1-8619-B2E1219CD5D7}.Debug|Any CPU.ActiveCfg = Debug|Any CPU
		{D1C46857-FD85-49A1-8619-B2E1219CD5D7}.Debug|Any CPU.Build.0 = Debug|Any CPU
		{D1C46857-FD85-49A1-8619-B2E1219CD5D7}.Debug|x64.ActiveCfg = Debug|Any CPU
		{D1C46857-FD85-49A1-8619-B2E1219CD5D7}.Debug|x64.Build.0 = Debug|Any CPU
		{D1C46857-FD85-49A1-8619-B2E1219CD5D7}.Debug|x86.ActiveCfg = Debug|x86
		{D1C46857-FD85-49A1-8619-B2E1219CD5D7}.Debug|x86.Build.0 = Debug|x86
		{D1C46857-FD85-49A1-8619-B2E1219CD5D7}.DEMO|Any CPU.ActiveCfg = Debug|Any CPU
		{D1C46857-FD85-49A1-8619-B2E1219CD5D7}.DEMO|Any CPU.Build.0 = Debug|Any CPU
		{D1C46857-FD85-49A1-8619-B2E1219CD5D7}.DEMO|x64.ActiveCfg = Debug|Any CPU
		{D1C46857-FD85-49A1-8619-B2E1219CD5D7}.DEMO|x64.Build.0 = Debug|Any CPU
		{D1C46857-FD85-49A1-8619-B2E1219CD5D7}.DEMO|x86.ActiveCfg = Debug|x86
		{D1C46857-FD85-49A1-8619-B2E1219CD5D7}.DEMO|x86.Build.0 = Debug|x86
		{D1C46857-FD85-49A1-8619-B2E1219CD5D7}.docs|Any CPU.ActiveCfg = Debug|Any CPU
		{D1C46857-FD85-49A1-8619-B2E1219CD5D7}.docs|Any CPU.Build.0 = Debug|Any CPU
		{D1C46857-FD85-49A1-8619-B2E1219CD5D7}.docs|x64.ActiveCfg = Debug|Any CPU
		{D1C46857-FD85-49A1-8619-B2E1219CD5D7}.docs|x64.Build.0 = Debug|Any CPU
		{D1C46857-FD85-49A1-8619-B2E1219CD5D7}.docs|x86.ActiveCfg = Debug|x86
		{D1C46857-FD85-49A1-8619-B2E1219CD5D7}.docs|x86.Build.0 = Debug|x86
		{D1C46857-FD85-49A1-8619-B2E1219CD5D7}.Publish|Any CPU.ActiveCfg = Release|Any CPU
		{D1C46857-FD85-49A1-8619-B2E1219CD5D7}.Publish|Any CPU.Build.0 = Release|Any CPU
		{D1C46857-FD85-49A1-8619-B2E1219CD5D7}.Publish|x64.ActiveCfg = Release|Any CPU
		{D1C46857-FD85-49A1-8619-B2E1219CD5D7}.Publish|x64.Build.0 = Release|Any CPU
		{D1C46857-FD85-49A1-8619-B2E1219CD5D7}.Publish|x86.ActiveCfg = Release|Any CPU
		{D1C46857-FD85-49A1-8619-B2E1219CD5D7}.Publish|x86.Build.0 = Release|Any CPU
		{D1C46857-FD85-49A1-8619-B2E1219CD5D7}.Release|Any CPU.ActiveCfg = Release|Any CPU
		{D1C46857-FD85-49A1-8619-B2E1219CD5D7}.Release|Any CPU.Build.0 = Release|Any CPU
		{D1C46857-FD85-49A1-8619-B2E1219CD5D7}.Release|x64.ActiveCfg = Release|Any CPU
		{D1C46857-FD85-49A1-8619-B2E1219CD5D7}.Release|x64.Build.0 = Release|Any CPU
		{D1C46857-FD85-49A1-8619-B2E1219CD5D7}.Release|x86.ActiveCfg = Release|x86
		{D1C46857-FD85-49A1-8619-B2E1219CD5D7}.Release|x86.Build.0 = Release|x86
		{D1C46857-FD85-49A1-8619-B2E1219CD5D7}.Release2|Any CPU.ActiveCfg = Release|Any CPU
		{D1C46857-FD85-49A1-8619-B2E1219CD5D7}.Release2|Any CPU.Build.0 = Release|Any CPU
		{D1C46857-FD85-49A1-8619-B2E1219CD5D7}.Release2|x64.ActiveCfg = Release|Any CPU
		{D1C46857-FD85-49A1-8619-B2E1219CD5D7}.Release2|x64.Build.0 = Release|Any CPU
		{D1C46857-FD85-49A1-8619-B2E1219CD5D7}.Release2|x86.ActiveCfg = Release|x86
		{D1C46857-FD85-49A1-8619-B2E1219CD5D7}.Release2|x86.Build.0 = Release|x86
		{822D0A37-7BB5-4ECB-ACC8-8E38BDF1F063}.Debug|Any CPU.ActiveCfg = Debug|Any CPU
		{822D0A37-7BB5-4ECB-ACC8-8E38BDF1F063}.Debug|Any CPU.Build.0 = Debug|Any CPU
		{822D0A37-7BB5-4ECB-ACC8-8E38BDF1F063}.Debug|x64.ActiveCfg = Debug|Any CPU
		{822D0A37-7BB5-4ECB-ACC8-8E38BDF1F063}.Debug|x64.Build.0 = Debug|Any CPU
		{822D0A37-7BB5-4ECB-ACC8-8E38BDF1F063}.Debug|x86.ActiveCfg = Debug|x86
		{822D0A37-7BB5-4ECB-ACC8-8E38BDF1F063}.Debug|x86.Build.0 = Debug|x86
		{822D0A37-7BB5-4ECB-ACC8-8E38BDF1F063}.DEMO|Any CPU.ActiveCfg = Debug|Any CPU
		{822D0A37-7BB5-4ECB-ACC8-8E38BDF1F063}.DEMO|Any CPU.Build.0 = Debug|Any CPU
		{822D0A37-7BB5-4ECB-ACC8-8E38BDF1F063}.DEMO|x64.ActiveCfg = Debug|Any CPU
		{822D0A37-7BB5-4ECB-ACC8-8E38BDF1F063}.DEMO|x64.Build.0 = Debug|Any CPU
		{822D0A37-7BB5-4ECB-ACC8-8E38BDF1F063}.DEMO|x86.ActiveCfg = Debug|x86
		{822D0A37-7BB5-4ECB-ACC8-8E38BDF1F063}.DEMO|x86.Build.0 = Debug|x86
		{822D0A37-7BB5-4ECB-ACC8-8E38BDF1F063}.docs|Any CPU.ActiveCfg = Debug|Any CPU
		{822D0A37-7BB5-4ECB-ACC8-8E38BDF1F063}.docs|Any CPU.Build.0 = Debug|Any CPU
		{822D0A37-7BB5-4ECB-ACC8-8E38BDF1F063}.docs|x64.ActiveCfg = Debug|Any CPU
		{822D0A37-7BB5-4ECB-ACC8-8E38BDF1F063}.docs|x64.Build.0 = Debug|Any CPU
		{822D0A37-7BB5-4ECB-ACC8-8E38BDF1F063}.docs|x86.ActiveCfg = Debug|x86
		{822D0A37-7BB5-4ECB-ACC8-8E38BDF1F063}.docs|x86.Build.0 = Debug|x86
		{822D0A37-7BB5-4ECB-ACC8-8E38BDF1F063}.Publish|Any CPU.ActiveCfg = Release|Any CPU
		{822D0A37-7BB5-4ECB-ACC8-8E38BDF1F063}.Publish|Any CPU.Build.0 = Release|Any CPU
		{822D0A37-7BB5-4ECB-ACC8-8E38BDF1F063}.Publish|x64.ActiveCfg = Release|Any CPU
		{822D0A37-7BB5-4ECB-ACC8-8E38BDF1F063}.Publish|x64.Build.0 = Release|Any CPU
		{822D0A37-7BB5-4ECB-ACC8-8E38BDF1F063}.Publish|x86.ActiveCfg = Release|x86
		{822D0A37-7BB5-4ECB-ACC8-8E38BDF1F063}.Publish|x86.Build.0 = Release|x86
		{822D0A37-7BB5-4ECB-ACC8-8E38BDF1F063}.Release|Any CPU.ActiveCfg = Release|Any CPU
		{822D0A37-7BB5-4ECB-ACC8-8E38BDF1F063}.Release|Any CPU.Build.0 = Release|Any CPU
		{822D0A37-7BB5-4ECB-ACC8-8E38BDF1F063}.Release|x64.ActiveCfg = Release|Any CPU
		{822D0A37-7BB5-4ECB-ACC8-8E38BDF1F063}.Release|x64.Build.0 = Release|Any CPU
		{822D0A37-7BB5-4ECB-ACC8-8E38BDF1F063}.Release|x86.ActiveCfg = Release|x86
		{822D0A37-7BB5-4ECB-ACC8-8E38BDF1F063}.Release|x86.Build.0 = Release|x86
		{822D0A37-7BB5-4ECB-ACC8-8E38BDF1F063}.Release2|Any CPU.ActiveCfg = Release|Any CPU
		{822D0A37-7BB5-4ECB-ACC8-8E38BDF1F063}.Release2|Any CPU.Build.0 = Release|Any CPU
		{822D0A37-7BB5-4ECB-ACC8-8E38BDF1F063}.Release2|x64.ActiveCfg = Release|Any CPU
		{822D0A37-7BB5-4ECB-ACC8-8E38BDF1F063}.Release2|x64.Build.0 = Release|Any CPU
		{822D0A37-7BB5-4ECB-ACC8-8E38BDF1F063}.Release2|x86.ActiveCfg = Release|x86
		{822D0A37-7BB5-4ECB-ACC8-8E38BDF1F063}.Release2|x86.Build.0 = Release|x86
		{FECCE1FD-E1D4-49E3-A668-60BB5E7AED99}.Debug|Any CPU.ActiveCfg = Debug|Any CPU
		{FECCE1FD-E1D4-49E3-A668-60BB5E7AED99}.Debug|Any CPU.Build.0 = Debug|Any CPU
		{FECCE1FD-E1D4-49E3-A668-60BB5E7AED99}.Debug|x64.ActiveCfg = Debug|x64
		{FECCE1FD-E1D4-49E3-A668-60BB5E7AED99}.Debug|x64.Build.0 = Debug|x64
		{FECCE1FD-E1D4-49E3-A668-60BB5E7AED99}.Debug|x86.ActiveCfg = Debug|x86
		{FECCE1FD-E1D4-49E3-A668-60BB5E7AED99}.Debug|x86.Build.0 = Debug|x86
		{FECCE1FD-E1D4-49E3-A668-60BB5E7AED99}.DEMO|Any CPU.ActiveCfg = DEMO|Any CPU
		{FECCE1FD-E1D4-49E3-A668-60BB5E7AED99}.DEMO|Any CPU.Build.0 = DEMO|Any CPU
		{FECCE1FD-E1D4-49E3-A668-60BB5E7AED99}.DEMO|x64.ActiveCfg = DEMO|x64
		{FECCE1FD-E1D4-49E3-A668-60BB5E7AED99}.DEMO|x64.Build.0 = DEMO|x64
		{FECCE1FD-E1D4-49E3-A668-60BB5E7AED99}.DEMO|x86.ActiveCfg = DEMO|x86
		{FECCE1FD-E1D4-49E3-A668-60BB5E7AED99}.DEMO|x86.Build.0 = DEMO|x86
		{FECCE1FD-E1D4-49E3-A668-60BB5E7AED99}.docs|Any CPU.ActiveCfg = docs|Any CPU
		{FECCE1FD-E1D4-49E3-A668-60BB5E7AED99}.docs|Any CPU.Build.0 = docs|Any CPU
		{FECCE1FD-E1D4-49E3-A668-60BB5E7AED99}.docs|x64.ActiveCfg = docs|x64
		{FECCE1FD-E1D4-49E3-A668-60BB5E7AED99}.docs|x64.Build.0 = docs|x64
		{FECCE1FD-E1D4-49E3-A668-60BB5E7AED99}.docs|x86.ActiveCfg = docs|x86
		{FECCE1FD-E1D4-49E3-A668-60BB5E7AED99}.docs|x86.Build.0 = docs|x86
		{FECCE1FD-E1D4-49E3-A668-60BB5E7AED99}.Publish|Any CPU.ActiveCfg = Publish|Any CPU
		{FECCE1FD-E1D4-49E3-A668-60BB5E7AED99}.Publish|Any CPU.Build.0 = Publish|Any CPU
		{FECCE1FD-E1D4-49E3-A668-60BB5E7AED99}.Publish|x64.ActiveCfg = Publish|x64
		{FECCE1FD-E1D4-49E3-A668-60BB5E7AED99}.Publish|x64.Build.0 = Publish|x64
		{FECCE1FD-E1D4-49E3-A668-60BB5E7AED99}.Publish|x86.ActiveCfg = Publish|x86
		{FECCE1FD-E1D4-49E3-A668-60BB5E7AED99}.Publish|x86.Build.0 = Publish|x86
		{FECCE1FD-E1D4-49E3-A668-60BB5E7AED99}.Release|Any CPU.ActiveCfg = Release|Any CPU
		{FECCE1FD-E1D4-49E3-A668-60BB5E7AED99}.Release|Any CPU.Build.0 = Release|Any CPU
		{FECCE1FD-E1D4-49E3-A668-60BB5E7AED99}.Release|x64.ActiveCfg = Release|x64
		{FECCE1FD-E1D4-49E3-A668-60BB5E7AED99}.Release|x64.Build.0 = Release|x64
		{FECCE1FD-E1D4-49E3-A668-60BB5E7AED99}.Release|x86.ActiveCfg = Release|x86
		{FECCE1FD-E1D4-49E3-A668-60BB5E7AED99}.Release|x86.Build.0 = Release|x86
		{FECCE1FD-E1D4-49E3-A668-60BB5E7AED99}.Release2|Any CPU.ActiveCfg = Release2|Any CPU
		{FECCE1FD-E1D4-49E3-A668-60BB5E7AED99}.Release2|Any CPU.Build.0 = Release2|Any CPU
		{FECCE1FD-E1D4-49E3-A668-60BB5E7AED99}.Release2|x64.ActiveCfg = Release2|x64
		{FECCE1FD-E1D4-49E3-A668-60BB5E7AED99}.Release2|x64.Build.0 = Release2|x64
		{FECCE1FD-E1D4-49E3-A668-60BB5E7AED99}.Release2|x86.ActiveCfg = Release2|x86
		{FECCE1FD-E1D4-49E3-A668-60BB5E7AED99}.Release2|x86.Build.0 = Release2|x86
		{95734D4D-9603-464A-B67D-A5BC97150D90}.Debug|Any CPU.ActiveCfg = Debug|Any CPU
		{95734D4D-9603-464A-B67D-A5BC97150D90}.Debug|Any CPU.Build.0 = Debug|Any CPU
		{95734D4D-9603-464A-B67D-A5BC97150D90}.Debug|x64.ActiveCfg = Debug|x64
		{95734D4D-9603-464A-B67D-A5BC97150D90}.Debug|x64.Build.0 = Debug|x64
		{95734D4D-9603-464A-B67D-A5BC97150D90}.Debug|x86.ActiveCfg = Debug|x86
		{95734D4D-9603-464A-B67D-A5BC97150D90}.Debug|x86.Build.0 = Debug|x86
		{95734D4D-9603-464A-B67D-A5BC97150D90}.DEMO|Any CPU.ActiveCfg = Debug|Any CPU
		{95734D4D-9603-464A-B67D-A5BC97150D90}.DEMO|Any CPU.Build.0 = Debug|Any CPU
		{95734D4D-9603-464A-B67D-A5BC97150D90}.DEMO|x64.ActiveCfg = Debug|x64
		{95734D4D-9603-464A-B67D-A5BC97150D90}.DEMO|x64.Build.0 = Debug|x64
		{95734D4D-9603-464A-B67D-A5BC97150D90}.DEMO|x86.ActiveCfg = Debug|x86
		{95734D4D-9603-464A-B67D-A5BC97150D90}.DEMO|x86.Build.0 = Debug|x86
		{95734D4D-9603-464A-B67D-A5BC97150D90}.docs|Any CPU.ActiveCfg = Debug|Any CPU
		{95734D4D-9603-464A-B67D-A5BC97150D90}.docs|Any CPU.Build.0 = Debug|Any CPU
		{95734D4D-9603-464A-B67D-A5BC97150D90}.docs|x64.ActiveCfg = Debug|x64
		{95734D4D-9603-464A-B67D-A5BC97150D90}.docs|x64.Build.0 = Debug|x64
		{95734D4D-9603-464A-B67D-A5BC97150D90}.docs|x86.ActiveCfg = Debug|x86
		{95734D4D-9603-464A-B67D-A5BC97150D90}.docs|x86.Build.0 = Debug|x86
		{95734D4D-9603-464A-B67D-A5BC97150D90}.Publish|Any CPU.ActiveCfg = Publish|Any CPU
		{95734D4D-9603-464A-B67D-A5BC97150D90}.Publish|Any CPU.Build.0 = Publish|Any CPU
		{95734D4D-9603-464A-B67D-A5BC97150D90}.Publish|x64.ActiveCfg = Publish|x64
		{95734D4D-9603-464A-B67D-A5BC97150D90}.Publish|x64.Build.0 = Publish|x64
		{95734D4D-9603-464A-B67D-A5BC97150D90}.Publish|x86.ActiveCfg = Publish|x86
		{95734D4D-9603-464A-B67D-A5BC97150D90}.Publish|x86.Build.0 = Publish|x86
		{95734D4D-9603-464A-B67D-A5BC97150D90}.Release|Any CPU.ActiveCfg = Release|Any CPU
		{95734D4D-9603-464A-B67D-A5BC97150D90}.Release|Any CPU.Build.0 = Release|Any CPU
		{95734D4D-9603-464A-B67D-A5BC97150D90}.Release|x64.ActiveCfg = Release|x64
		{95734D4D-9603-464A-B67D-A5BC97150D90}.Release|x64.Build.0 = Release|x64
		{95734D4D-9603-464A-B67D-A5BC97150D90}.Release|x86.ActiveCfg = Release|x86
		{95734D4D-9603-464A-B67D-A5BC97150D90}.Release|x86.Build.0 = Release|x86
		{95734D4D-9603-464A-B67D-A5BC97150D90}.Release2|Any CPU.ActiveCfg = Release|Any CPU
		{95734D4D-9603-464A-B67D-A5BC97150D90}.Release2|Any CPU.Build.0 = Release|Any CPU
		{95734D4D-9603-464A-B67D-A5BC97150D90}.Release2|x64.ActiveCfg = Release|x64
		{95734D4D-9603-464A-B67D-A5BC97150D90}.Release2|x64.Build.0 = Release|x64
		{95734D4D-9603-464A-B67D-A5BC97150D90}.Release2|x86.ActiveCfg = Release|x86
		{95734D4D-9603-464A-B67D-A5BC97150D90}.Release2|x86.Build.0 = Release|x86
	EndGlobalSection
	GlobalSection(SolutionProperties) = preSolution
		HideSolutionNode = FALSE
	EndGlobalSection
	GlobalSection(NestedProjects) = preSolution
		{822D0A37-7BB5-4ECB-ACC8-8E38BDF1F063} = {A1F0D864-4922-44F5-B00B-6DD5014BD71B}
		{FECCE1FD-E1D4-49E3-A668-60BB5E7AED99} = {A1F0D864-4922-44F5-B00B-6DD5014BD71B}
		{95734D4D-9603-464A-B67D-A5BC97150D90} = {A1F0D864-4922-44F5-B00B-6DD5014BD71B}
	EndGlobalSection
	GlobalSection(ExtensibilityGlobals) = postSolution
		SolutionGuid = {34903B05-D61F-4683-BED9-106D758BD3C8}
	EndGlobalSection
EndGlobal
