
Microsoft Visual Studio Solution File, Format Version 12.00
# Visual Studio 14
VisualStudioVersion = 14.0.25123.0
MinimumVisualStudioVersion = 10.0.40219.1
Project("{F184B08F-C81C-45F6-A57F-5ABD9991F28F}") = "libZPlay.Extensions", "libZPlay.Extensions.vbproj", "{822D0A37-7BB5-4ECB-ACC8-8E38BDF1F063}"
EndProject
Project("{F184B08F-C81C-45F6-A57F-5ABD9991F28F}") = "Test", "Test\Test.vbproj", "{9B6351AD-985C-424D-ACE9-801F42689B25}"
EndProject
Global
	GlobalSection(SolutionConfigurationPlatforms) = preSolution
		Debug|Any CPU = Debug|Any CPU
		Debug|x86 = Debug|x86
		Release|Any CPU = Release|Any CPU
		Release|x86 = Release|x86
	EndGlobalSection
	GlobalSection(ProjectConfigurationPlatforms) = postSolution
		{822D0A37-7BB5-4ECB-ACC8-8E38BDF1F063}.Debug|Any CPU.ActiveCfg = Debug|Any CPU
		{822D0A37-7BB5-4ECB-ACC8-8E38BDF1F063}.Debug|Any CPU.Build.0 = Debug|Any CPU
		{822D0A37-7BB5-4ECB-ACC8-8E38BDF1F063}.Debug|x86.ActiveCfg = Debug|x86
		{822D0A37-7BB5-4ECB-ACC8-8E38BDF1F063}.Debug|x86.Build.0 = Debug|x86
		{822D0A37-7BB5-4ECB-ACC8-8E38BDF1F063}.Release|Any CPU.ActiveCfg = Release|Any CPU
		{822D0A37-7BB5-4ECB-ACC8-8E38BDF1F063}.Release|Any CPU.Build.0 = Release|Any CPU
		{822D0A37-7BB5-4ECB-ACC8-8E38BDF1F063}.Release|x86.ActiveCfg = Release|x86
		{822D0A37-7BB5-4ECB-ACC8-8E38BDF1F063}.Release|x86.Build.0 = Release|x86
		{9B6351AD-985C-424D-ACE9-801F42689B25}.Debug|Any CPU.ActiveCfg = Debug|Any CPU
		{9B6351AD-985C-424D-ACE9-801F42689B25}.Debug|Any CPU.Build.0 = Debug|Any CPU
		{9B6351AD-985C-424D-ACE9-801F42689B25}.Debug|x86.ActiveCfg = Debug|x86
		{9B6351AD-985C-424D-ACE9-801F42689B25}.Debug|x86.Build.0 = Debug|x86
		{9B6351AD-985C-424D-ACE9-801F42689B25}.Release|Any CPU.ActiveCfg = Release|Any CPU
		{9B6351AD-985C-424D-ACE9-801F42689B25}.Release|Any CPU.Build.0 = Release|Any CPU
		{9B6351AD-985C-424D-ACE9-801F42689B25}.Release|x86.ActiveCfg = Release|Any CPU
		{9B6351AD-985C-424D-ACE9-801F42689B25}.Release|x86.Build.0 = Release|Any CPU
	EndGlobalSection
	GlobalSection(SolutionProperties) = preSolution
		HideSolutionNode = FALSE
	EndGlobalSection
EndGlobal
